<?xml version="1.0" encoding="utf-8"?>
<Project ToolsVersion="4.0" xmlns="http://schemas.microsoft.com/developer/msbuild/2003">
  <ItemGroup>
    <Filter Include="00. System">
      <UniqueIdentifier>{0a7b11f2-69d6-429e-a048-dcd35d199f7b}</UniqueIdentifier>
    </Filter>
    <Filter Include="01. Utility">
      <UniqueIdentifier>{598b107a-6835-4820-9ff5-94a4ab448354}</UniqueIdentifier>
    </Filter>
    <Filter Include="01. Utility\00. GameInstance">
      <UniqueIdentifier>{444034bf-4a2b-4e9e-ad92-40043e3c96e2}</UniqueIdentifier>
    </Filter>
    <Filter Include="01. Utility\99. Base">
      <UniqueIdentifier>{032e4e87-1e9d-4e06-b82e-9ada06aac75e}</UniqueIdentifier>
    </Filter>
    <Filter Include="99. Define">
      <UniqueIdentifier>{27207a5a-c64e-4aae-8e05-b9e113d68e69}</UniqueIdentifier>
    </Filter>
    <Filter Include="00. System\00. Device">
      <UniqueIdentifier>{b35d8f0d-3892-4093-ad49-7b3dfd17510f}</UniqueIdentifier>
    </Filter>
    <Filter Include="00. System\00. Device\GraphicDev">
      <UniqueIdentifier>{6737ea75-b349-4417-b5af-61edba09c737}</UniqueIdentifier>
    </Filter>
    <Filter Include="00. System\00. Device\Input">
      <UniqueIdentifier>{4b41997a-bfe7-439e-b7b5-bc1bc9b7de84}</UniqueIdentifier>
    </Filter>
    <Filter Include="00. System\90. ImGui">
      <UniqueIdentifier>{5be2a1f0-4d88-4b53-9d4d-369716b8806c}</UniqueIdentifier>
    </Filter>
    <Filter Include="00. System\90. ImGui\Source">
      <UniqueIdentifier>{554a4b62-266a-4b84-8abc-bcf74ebac439}</UniqueIdentifier>
    </Filter>
    <Filter Include="00. System\90. ImGui\Header">
      <UniqueIdentifier>{0d3ce5b9-6daa-42f9-b5c2-82a20f0143a5}</UniqueIdentifier>
    </Filter>
    <Filter Include="00. System\90. ImGui\00. Manager">
      <UniqueIdentifier>{5e7646dd-d651-458d-aa49-43ba899f4e78}</UniqueIdentifier>
    </Filter>
    <Filter Include="00. System\90. ImGui\01. Tool">
      <UniqueIdentifier>{41646aa5-cde2-4470-a3d1-a7b0690706b0}</UniqueIdentifier>
    </Filter>
    <Filter Include="01. Utility\01. Level">
      <UniqueIdentifier>{4e800b7b-f350-4e33-810d-e68e77621b8d}</UniqueIdentifier>
    </Filter>
    <Filter Include="01. Utility\01. Level\Manager">
      <UniqueIdentifier>{9a691681-9f1d-4fc0-bb27-0af930310630}</UniqueIdentifier>
    </Filter>
    <Filter Include="01. Utility\02. GameObject">
      <UniqueIdentifier>{58371287-38fe-4671-948a-e94344169347}</UniqueIdentifier>
    </Filter>
    <Filter Include="01. Utility\02. GameObject\Manager">
      <UniqueIdentifier>{a2482851-32b0-4405-ac8e-64b526d95ada}</UniqueIdentifier>
    </Filter>
    <Filter Include="01. Utility\02. GameObject\Manager\Layer">
      <UniqueIdentifier>{2c1e5e8d-b6a7-4278-8d5b-3c92b66c079b}</UniqueIdentifier>
    </Filter>
    <Filter Include="01. Utility\03. Component">
      <UniqueIdentifier>{c0469c77-3948-4160-adb9-272b4c44f73e}</UniqueIdentifier>
    </Filter>
    <Filter Include="01. Utility\03. Component\00. Manager">
      <UniqueIdentifier>{47e5053c-5269-4f85-80e3-12b13615bde8}</UniqueIdentifier>
    </Filter>
    <Filter Include="01. Utility\03. Component\01. Renderer">
      <UniqueIdentifier>{95b9e38d-c7a3-4186-8c78-44b63107b6da}</UniqueIdentifier>
    </Filter>
    <Filter Include="01. Utility\03. Component\02. VIBuffer">
      <UniqueIdentifier>{0bac1a79-7983-4899-b5df-1d1aae8bacd4}</UniqueIdentifier>
    </Filter>
    <Filter Include="01. Utility\03. Component\02. VIBuffer\Rect">
      <UniqueIdentifier>{a9a64d08-f14b-49fe-86f2-85269db09e1c}</UniqueIdentifier>
    </Filter>
    <Filter Include="01. Utility\03. Component\03. Shader">
      <UniqueIdentifier>{55c50a01-e1b9-44ba-8fd8-8e2005cff55a}</UniqueIdentifier>
    </Filter>
    <Filter Include="01. Utility\03. Component\04. Transform">
      <UniqueIdentifier>{9f0733a9-0332-4395-8ae2-62ca52d6cd68}</UniqueIdentifier>
    </Filter>
    <Filter Include="98. Utils">
      <UniqueIdentifier>{7097a319-a7ca-4e5e-993d-fad66b8ace0c}</UniqueIdentifier>
    </Filter>
    <Filter Include="01. Utility\03. Component\05. Texture">
      <UniqueIdentifier>{1d200c0c-4e2f-49a7-94d7-b6af12360536}</UniqueIdentifier>
    </Filter>
    <Filter Include="01. Utility\03. Component\02. VIBuffer\Terrain">
      <UniqueIdentifier>{89c4282e-f396-4562-b573-2103151d04e1}</UniqueIdentifier>
    </Filter>
    <Filter Include="01. Utility\02. GameObject\Camera">
      <UniqueIdentifier>{94adeb09-0b1d-455c-8317-9a241e3461e8}</UniqueIdentifier>
    </Filter>
    <Filter Include="01. Utility\04. PipeLine">
      <UniqueIdentifier>{d00e5d10-562b-4c6c-870d-5234bc66d664}</UniqueIdentifier>
    </Filter>
    <Filter Include="01. Utility\05. Timer">
      <UniqueIdentifier>{3a4d3e2d-1d80-40d8-999e-8598e8a97270}</UniqueIdentifier>
    </Filter>
    <Filter Include="01. Utility\05. Timer\Manager">
      <UniqueIdentifier>{177bf4c8-8105-48e2-a5dc-236be61c803d}</UniqueIdentifier>
    </Filter>
    <Filter Include="01. Utility\03. Component\02. VIBuffer\Shpere">
      <UniqueIdentifier>{ff86b4af-ba7c-448e-bae7-a14c4c2e6fc2}</UniqueIdentifier>
    </Filter>
    <Filter Include="01. Utility\06. Light">
      <UniqueIdentifier>{d89bcdad-c176-4d38-b290-9e4b806bfb7d}</UniqueIdentifier>
    </Filter>
    <Filter Include="01. Utility\06. Light\Manager">
      <UniqueIdentifier>{ca9576f9-b882-4bd7-bd8b-73571a477c08}</UniqueIdentifier>
    </Filter>
    <Filter Include="00. System\90. ImGui\02. PropertyTool">
      <UniqueIdentifier>{e52b35dc-b6f4-4609-8386-ba0bdd08d098}</UniqueIdentifier>
    </Filter>
    <Filter Include="01. Utility\03. Component\06. Model">
      <UniqueIdentifier>{3d7f9820-76cc-4e04-a2ea-33e2022e9e17}</UniqueIdentifier>
    </Filter>
    <Filter Include="01. Utility\03. Component\06. Model\Mesh">
      <UniqueIdentifier>{0958645b-e85f-493c-9c49-2fe7e0bb9299}</UniqueIdentifier>
    </Filter>
    <Filter Include="01. Utility\03. Component\06. Model\Animation">
      <UniqueIdentifier>{4d677985-022c-40a4-b8b7-c8d7d70dd0c3}</UniqueIdentifier>
    </Filter>
    <Filter Include="01. Utility\03. Component\06. Model\Bone">
      <UniqueIdentifier>{5f5339a3-d180-40c2-94f3-4e1a1d0dfd6f}</UniqueIdentifier>
    </Filter>
    <Filter Include="01. Utility\03. Component\06. Model\Animation\Channel">
      <UniqueIdentifier>{6d0ff7f4-0741-4156-8c4c-37d9b5a4f79b}</UniqueIdentifier>
    </Filter>
    <Filter Include="01. Utility\02. GameObject\Customizable">
      <UniqueIdentifier>{57771550-2a3f-4e1f-b0d9-191b29da0863}</UniqueIdentifier>
    </Filter>
    <Filter Include="00. System\91. Json">
      <UniqueIdentifier>{ce342a71-6fdb-41f3-a349-233159211a4c}</UniqueIdentifier>
    </Filter>
  </ItemGroup>
  <ItemGroup>
    <ClCompile Include="..\Private\GameInstance.cpp">
      <Filter>01. Utility\00. GameInstance</Filter>
    </ClCompile>
    <ClCompile Include="..\Private\Base.cpp">
      <Filter>01. Utility\99. Base</Filter>
    </ClCompile>
    <ClCompile Include="..\Private\Graphic_Device.cpp">
      <Filter>00. System\00. Device\GraphicDev</Filter>
    </ClCompile>
    <ClCompile Include="..\Private\Input_Device.cpp">
      <Filter>00. System\00. Device\Input</Filter>
    </ClCompile>
    <ClCompile Include="..\ImGui\ImGuizmo.cpp">
      <Filter>00. System\90. ImGui\Source</Filter>
    </ClCompile>
    <ClCompile Include="..\ImGui\ImSequencer.cpp">
      <Filter>00. System\90. ImGui\Source</Filter>
    </ClCompile>
    <ClCompile Include="..\ImGui\GraphEditor.cpp">
      <Filter>00. System\90. ImGui\Source</Filter>
    </ClCompile>
    <ClCompile Include="..\ImGui\ImCurveEdit.cpp">
      <Filter>00. System\90. ImGui\Source</Filter>
    </ClCompile>
    <ClCompile Include="..\ImGui\ImGradient.cpp">
      <Filter>00. System\90. ImGui\Source</Filter>
    </ClCompile>
    <ClCompile Include="..\ImGui\imgui.cpp">
      <Filter>00. System\90. ImGui\Source</Filter>
    </ClCompile>
    <ClCompile Include="..\ImGui\imgui_demo.cpp">
      <Filter>00. System\90. ImGui\Source</Filter>
    </ClCompile>
    <ClCompile Include="..\ImGui\imgui_draw.cpp">
      <Filter>00. System\90. ImGui\Source</Filter>
    </ClCompile>
    <ClCompile Include="..\ImGui\imgui_impl_dx11.cpp">
      <Filter>00. System\90. ImGui\Source</Filter>
    </ClCompile>
    <ClCompile Include="..\ImGui\imgui_impl_win32.cpp">
      <Filter>00. System\90. ImGui\Source</Filter>
    </ClCompile>
    <ClCompile Include="..\ImGui\imgui_tables.cpp">
      <Filter>00. System\90. ImGui\Source</Filter>
    </ClCompile>
    <ClCompile Include="..\ImGui\imgui_widgets.cpp">
      <Filter>00. System\90. ImGui\Source</Filter>
    </ClCompile>
    <ClCompile Include="..\ImGui\ImGuiFileDialog.cpp">
      <Filter>00. System\90. ImGui\Source</Filter>
    </ClCompile>
    <ClCompile Include="..\Private\ImGuiMgr.cpp">
      <Filter>00. System\90. ImGui\00. Manager</Filter>
    </ClCompile>
    <ClCompile Include="..\Private\Tool.cpp">
      <Filter>00. System\90. ImGui\01. Tool</Filter>
    </ClCompile>
    <ClCompile Include="..\Private\Level.cpp">
      <Filter>01. Utility\01. Level</Filter>
    </ClCompile>
    <ClCompile Include="..\Private\LevelMgr.cpp">
      <Filter>01. Utility\01. Level\Manager</Filter>
    </ClCompile>
    <ClCompile Include="..\Private\GameObject.cpp">
      <Filter>01. Utility\02. GameObject</Filter>
    </ClCompile>
    <ClCompile Include="..\Private\Layer.cpp">
      <Filter>01. Utility\02. GameObject\Manager\Layer</Filter>
    </ClCompile>
    <ClCompile Include="..\Private\ObjectMgr.cpp">
      <Filter>01. Utility\02. GameObject\Manager</Filter>
    </ClCompile>
    <ClCompile Include="..\Private\Renderer.cpp">
      <Filter>01. Utility\03. Component\01. Renderer</Filter>
    </ClCompile>
    <ClCompile Include="..\Private\ComponentMgr.cpp">
      <Filter>01. Utility\03. Component\00. Manager</Filter>
    </ClCompile>
    <ClCompile Include="..\Private\VIBuffer.cpp">
      <Filter>01. Utility\03. Component\02. VIBuffer</Filter>
    </ClCompile>
    <ClCompile Include="..\Private\VIBuffer_Rect.cpp">
      <Filter>01. Utility\03. Component\02. VIBuffer\Rect</Filter>
    </ClCompile>
    <ClCompile Include="..\Private\Shader.cpp">
      <Filter>01. Utility\03. Component\03. Shader</Filter>
    </ClCompile>
    <ClCompile Include="..\Private\Component.cpp">
      <Filter>01. Utility\03. Component</Filter>
    </ClCompile>
    <ClCompile Include="..\Public\Engine_Struct.cpp">
      <Filter>99. Define</Filter>
    </ClCompile>
    <ClCompile Include="..\Private\Transform.cpp">
      <Filter>01. Utility\03. Component\04. Transform</Filter>
    </ClCompile>
    <ClCompile Include="..\Private\Texture.cpp">
      <Filter>01. Utility\03. Component\05. Texture</Filter>
    </ClCompile>
    <ClCompile Include="..\Private\VIBuffer_Terrain.cpp">
      <Filter>01. Utility\03. Component\02. VIBuffer\Terrain</Filter>
    </ClCompile>
    <ClCompile Include="..\Private\Camera.cpp">
      <Filter>01. Utility\02. GameObject\Camera</Filter>
    </ClCompile>
    <ClCompile Include="..\Private\PipeLine.cpp">
      <Filter>01. Utility\04. PipeLine</Filter>
    </ClCompile>
    <ClCompile Include="..\Private\Timer.cpp">
      <Filter>01. Utility\05. Timer</Filter>
    </ClCompile>
    <ClCompile Include="..\Private\TimerMgr.cpp">
      <Filter>01. Utility\05. Timer\Manager</Filter>
    </ClCompile>
    <ClCompile Include="..\Private\VIBuffer_Sphere.cpp">
      <Filter>01. Utility\03. Component\02. VIBuffer\Shpere</Filter>
    </ClCompile>
    <ClCompile Include="..\Private\GameUtility.cpp">
      <Filter>98. Utils</Filter>
    </ClCompile>
    <ClCompile Include="..\Private\Light.cpp">
      <Filter>01. Utility\06. Light</Filter>
    </ClCompile>
    <ClCompile Include="..\Private\LightMgr.cpp">
      <Filter>01. Utility\06. Light\Manager</Filter>
    </ClCompile>
    <ClCompile Include="..\Private\Tool_Property.cpp">
      <Filter>00. System\90. ImGui\02. PropertyTool</Filter>
    </ClCompile>
    <ClCompile Include="..\Private\Model.cpp">
      <Filter>01. Utility\03. Component\06. Model</Filter>
    </ClCompile>
    <ClCompile Include="..\Private\Mesh.cpp">
      <Filter>01. Utility\03. Component\06. Model\Mesh</Filter>
    </ClCompile>
    <ClCompile Include="..\Private\Bone.cpp">
      <Filter>01. Utility\03. Component\06. Model\Bone</Filter>
    </ClCompile>
    <ClCompile Include="..\Private\Animation.cpp">
      <Filter>01. Utility\03. Component\06. Model\Animation</Filter>
    </ClCompile>
    <ClCompile Include="..\Private\Channel.cpp">
      <Filter>01. Utility\03. Component\06. Model\Animation\Channel</Filter>
    </ClCompile>
    <ClCompile Include="..\Private\CustomGameObject.cpp">
      <Filter>01. Utility\02. GameObject\Customizable</Filter>
    </ClCompile>
  </ItemGroup>
  <ItemGroup>
    <ClInclude Include="..\Public\GameInstance.h">
      <Filter>01. Utility\00. GameInstance</Filter>
    </ClInclude>
    <ClInclude Include="..\Public\Base.h">
      <Filter>01. Utility\99. Base</Filter>
    </ClInclude>
    <ClInclude Include="..\Public\Engine_Define.h">
      <Filter>99. Define</Filter>
    </ClInclude>
    <ClInclude Include="..\Public\Engine_Typedef.h">
      <Filter>99. Define</Filter>
    </ClInclude>
    <ClInclude Include="..\Public\Engine_Function.h">
      <Filter>99. Define</Filter>
    </ClInclude>
    <ClInclude Include="..\Public\Engine_Macro.h">
      <Filter>99. Define</Filter>
    </ClInclude>
    <ClInclude Include="..\Public\Engine_Struct.h">
      <Filter>99. Define</Filter>
    </ClInclude>
    <ClInclude Include="..\Public\Graphic_Device.h">
      <Filter>00. System\00. Device\GraphicDev</Filter>
    </ClInclude>
    <ClInclude Include="..\Public\Input_Device.h">
      <Filter>00. System\00. Device\Input</Filter>
    </ClInclude>
    <ClInclude Include="..\ImGui\ImGuizmo.h">
      <Filter>00. System\90. ImGui\Header</Filter>
    </ClInclude>
    <ClInclude Include="..\ImGui\ImSequencer.h">
      <Filter>00. System\90. ImGui\Header</Filter>
    </ClInclude>
    <ClInclude Include="..\ImGui\imstb_rectpack.h">
      <Filter>00. System\90. ImGui\Header</Filter>
    </ClInclude>
    <ClInclude Include="..\ImGui\imstb_textedit.h">
      <Filter>00. System\90. ImGui\Header</Filter>
    </ClInclude>
    <ClInclude Include="..\ImGui\imstb_truetype.h">
      <Filter>00. System\90. ImGui\Header</Filter>
    </ClInclude>
    <ClInclude Include="..\ImGui\ImZoomSlider.h">
      <Filter>00. System\90. ImGui\Header</Filter>
    </ClInclude>
    <ClInclude Include="..\ImGui\dirent.h">
      <Filter>00. System\90. ImGui\Header</Filter>
    </ClInclude>
    <ClInclude Include="..\ImGui\GraphEditor.h">
      <Filter>00. System\90. ImGui\Header</Filter>
    </ClInclude>
    <ClInclude Include="..\ImGui\imconfig.h">
      <Filter>00. System\90. ImGui\Header</Filter>
    </ClInclude>
    <ClInclude Include="..\ImGui\ImCurveEdit.h">
      <Filter>00. System\90. ImGui\Header</Filter>
    </ClInclude>
    <ClInclude Include="..\ImGui\ImGradient.h">
      <Filter>00. System\90. ImGui\Header</Filter>
    </ClInclude>
    <ClInclude Include="..\ImGui\imgui.h">
      <Filter>00. System\90. ImGui\Header</Filter>
    </ClInclude>
    <ClInclude Include="..\ImGui\imgui_impl_dx11.h">
      <Filter>00. System\90. ImGui\Header</Filter>
    </ClInclude>
    <ClInclude Include="..\ImGui\imgui_impl_win32.h">
      <Filter>00. System\90. ImGui\Header</Filter>
    </ClInclude>
    <ClInclude Include="..\ImGui\imgui_internal.h">
      <Filter>00. System\90. ImGui\Header</Filter>
    </ClInclude>
    <ClInclude Include="..\ImGui\ImGuiFileDialog.h">
      <Filter>00. System\90. ImGui\Header</Filter>
    </ClInclude>
    <ClInclude Include="..\ImGui\ImGuiFileDialogConfig.h">
      <Filter>00. System\90. ImGui\Header</Filter>
    </ClInclude>
    <ClInclude Include="..\Public\ImGuiMgr.h">
      <Filter>00. System\90. ImGui\00. Manager</Filter>
    </ClInclude>
    <ClInclude Include="..\Public\Tool.h">
      <Filter>00. System\90. ImGui\01. Tool</Filter>
    </ClInclude>
    <ClInclude Include="..\Public\Level.h">
      <Filter>01. Utility\01. Level</Filter>
    </ClInclude>
    <ClInclude Include="..\Public\LevelMgr.h">
      <Filter>01. Utility\01. Level\Manager</Filter>
    </ClInclude>
    <ClInclude Include="..\Public\Engine_Enum.h">
      <Filter>99. Define</Filter>
    </ClInclude>
    <ClInclude Include="..\Public\GameObject.h">
      <Filter>01. Utility\02. GameObject</Filter>
    </ClInclude>
    <ClInclude Include="..\Public\Layer.h">
      <Filter>01. Utility\02. GameObject\Manager\Layer</Filter>
    </ClInclude>
    <ClInclude Include="..\Public\ObjectMgr.h">
      <Filter>01. Utility\02. GameObject\Manager</Filter>
    </ClInclude>
    <ClInclude Include="..\Public\Component.h">
      <Filter>01. Utility\03. Component</Filter>
    </ClInclude>
    <ClInclude Include="..\Public\Renderer.h">
      <Filter>01. Utility\03. Component\01. Renderer</Filter>
    </ClInclude>
    <ClInclude Include="..\Public\ComponentMgr.h">
      <Filter>01. Utility\03. Component\00. Manager</Filter>
    </ClInclude>
    <ClInclude Include="..\Public\VIBuffer.h">
      <Filter>01. Utility\03. Component\02. VIBuffer</Filter>
    </ClInclude>
    <ClInclude Include="..\Public\VIBuffer_Rect.h">
      <Filter>01. Utility\03. Component\02. VIBuffer\Rect</Filter>
    </ClInclude>
    <ClInclude Include="..\Public\Shader.h">
      <Filter>01. Utility\03. Component\03. Shader</Filter>
    </ClInclude>
    <ClInclude Include="..\Public\Transform.h">
      <Filter>01. Utility\03. Component\04. Transform</Filter>
    </ClInclude>
    <ClInclude Include="..\Public\Texture.h">
      <Filter>01. Utility\03. Component\05. Texture</Filter>
    </ClInclude>
    <ClInclude Include="..\Public\VIBuffer_Terrain.h">
      <Filter>01. Utility\03. Component\02. VIBuffer\Terrain</Filter>
    </ClInclude>
    <ClInclude Include="..\Public\Camera.h">
      <Filter>01. Utility\02. GameObject\Camera</Filter>
    </ClInclude>
    <ClInclude Include="..\Public\PipeLine.h">
      <Filter>01. Utility\04. PipeLine</Filter>
    </ClInclude>
    <ClInclude Include="..\Public\Timer.h">
      <Filter>01. Utility\05. Timer</Filter>
    </ClInclude>
    <ClInclude Include="..\Public\TimerMgr.h">
      <Filter>01. Utility\05. Timer\Manager</Filter>
    </ClInclude>
    <ClInclude Include="..\Public\VIBuffer_Sphere.h">
      <Filter>01. Utility\03. Component\02. VIBuffer\Shpere</Filter>
    </ClInclude>
    <ClInclude Include="..\Public\GameUtility.h">
      <Filter>98. Utils</Filter>
    </ClInclude>
    <ClInclude Include="..\Public\Light.h">
      <Filter>01. Utility\06. Light</Filter>
    </ClInclude>
    <ClInclude Include="..\Public\LightMgr.h">
      <Filter>01. Utility\06. Light\Manager</Filter>
    </ClInclude>
    <ClInclude Include="..\Public\Tool_Property.h">
      <Filter>00. System\90. ImGui\02. PropertyTool</Filter>
    </ClInclude>
    <ClInclude Include="..\Public\Model.h">
      <Filter>01. Utility\03. Component\06. Model</Filter>
    </ClInclude>
    <ClInclude Include="..\Public\Mesh.h">
      <Filter>01. Utility\03. Component\06. Model\Mesh</Filter>
    </ClInclude>
    <ClInclude Include="..\Public\Bone.h">
      <Filter>01. Utility\03. Component\06. Model\Bone</Filter>
    </ClInclude>
    <ClInclude Include="..\Public\Animation.h">
      <Filter>01. Utility\03. Component\06. Model\Animation</Filter>
    </ClInclude>
    <ClInclude Include="..\Public\Channel.h">
      <Filter>01. Utility\03. Component\06. Model\Animation\Channel</Filter>
    </ClInclude>
    <ClInclude Include="..\Public\CustomGameObject.h">
      <Filter>01. Utility\02. GameObject\Customizable</Filter>
    </ClInclude>
    <ClInclude Include="..\Public\Json\json_fwd.hpp">
      <Filter>00. System\91. Json</Filter>
    </ClInclude>
    <ClInclude Include="..\Public\Json\json.hpp">
      <Filter>00. System\91. Json</Filter>
    </ClInclude>
  </ItemGroup>
</Project>