<?xml version="1.0" encoding="utf-8"?>
<Project ToolsVersion="4.0" xmlns="http://schemas.microsoft.com/developer/msbuild/2003">
  <ItemGroup>
    <Filter Include="00. System">
      <UniqueIdentifier>{0a7b11f2-69d6-429e-a048-dcd35d199f7b}</UniqueIdentifier>
    </Filter>
    <Filter Include="01. Utility">
      <UniqueIdentifier>{598b107a-6835-4820-9ff5-94a4ab448354}</UniqueIdentifier>
    </Filter>
    <Filter Include="01. Utility\00. GameInstance">
      <UniqueIdentifier>{444034bf-4a2b-4e9e-ad92-40043e3c96e2}</UniqueIdentifier>
    </Filter>
    <Filter Include="01. Utility\99. Base">
      <UniqueIdentifier>{032e4e87-1e9d-4e06-b82e-9ada06aac75e}</UniqueIdentifier>
    </Filter>
    <Filter Include="99. Define">
      <UniqueIdentifier>{27207a5a-c64e-4aae-8e05-b9e113d68e69}</UniqueIdentifier>
    </Filter>
    <Filter Include="00. System\00. Device">
      <UniqueIdentifier>{b35d8f0d-3892-4093-ad49-7b3dfd17510f}</UniqueIdentifier>
    </Filter>
    <Filter Include="00. System\00. Device\GraphicDev">
      <UniqueIdentifier>{6737ea75-b349-4417-b5af-61edba09c737}</UniqueIdentifier>
    </Filter>
    <Filter Include="00. System\00. Device\Input">
      <UniqueIdentifier>{4b41997a-bfe7-439e-b7b5-bc1bc9b7de84}</UniqueIdentifier>
    </Filter>
    <Filter Include="00. System\90. ImGui">
      <UniqueIdentifier>{5be2a1f0-4d88-4b53-9d4d-369716b8806c}</UniqueIdentifier>
    </Filter>
    <Filter Include="00. System\90. ImGui\Source">
      <UniqueIdentifier>{554a4b62-266a-4b84-8abc-bcf74ebac439}</UniqueIdentifier>
    </Filter>
    <Filter Include="00. System\90. ImGui\Header">
      <UniqueIdentifier>{0d3ce5b9-6daa-42f9-b5c2-82a20f0143a5}</UniqueIdentifier>
    </Filter>
    <Filter Include="00. System\90. ImGui\00. Manager">
      <UniqueIdentifier>{5e7646dd-d651-458d-aa49-43ba899f4e78}</UniqueIdentifier>
    </Filter>
    <Filter Include="00. System\90. ImGui\01. Tool">
      <UniqueIdentifier>{41646aa5-cde2-4470-a3d1-a7b0690706b0}</UniqueIdentifier>
    </Filter>
    <Filter Include="01. Utility\01. Level">
      <UniqueIdentifier>{4e800b7b-f350-4e33-810d-e68e77621b8d}</UniqueIdentifier>
    </Filter>
    <Filter Include="01. Utility\01. Level\Manager">
      <UniqueIdentifier>{9a691681-9f1d-4fc0-bb27-0af930310630}</UniqueIdentifier>
    </Filter>
    <Filter Include="01. Utility\02. GameObject">
      <UniqueIdentifier>{58371287-38fe-4671-948a-e94344169347}</UniqueIdentifier>
    </Filter>
    <Filter Include="01. Utility\02. GameObject\Manager">
      <UniqueIdentifier>{a2482851-32b0-4405-ac8e-64b526d95ada}</UniqueIdentifier>
    </Filter>
    <Filter Include="01. Utility\02. GameObject\Manager\Layer">
      <UniqueIdentifier>{2c1e5e8d-b6a7-4278-8d5b-3c92b66c079b}</UniqueIdentifier>
    </Filter>
    <Filter Include="01. Utility\03. Component">
      <UniqueIdentifier>{c0469c77-3948-4160-adb9-272b4c44f73e}</UniqueIdentifier>
    </Filter>
    <Filter Include="01. Utility\03. Component\00. Manager">
      <UniqueIdentifier>{47e5053c-5269-4f85-80e3-12b13615bde8}</UniqueIdentifier>
    </Filter>
    <Filter Include="01. Utility\03. Component\01. Renderer">
      <UniqueIdentifier>{95b9e38d-c7a3-4186-8c78-44b63107b6da}</UniqueIdentifier>
    </Filter>
    <Filter Include="01. Utility\03. Component\02. VIBuffer">
      <UniqueIdentifier>{0bac1a79-7983-4899-b5df-1d1aae8bacd4}</UniqueIdentifier>
    </Filter>
    <Filter Include="01. Utility\03. Component\02. VIBuffer\Rect">
      <UniqueIdentifier>{a9a64d08-f14b-49fe-86f2-85269db09e1c}</UniqueIdentifier>
    </Filter>
    <Filter Include="01. Utility\03. Component\03. Shader">
      <UniqueIdentifier>{55c50a01-e1b9-44ba-8fd8-8e2005cff55a}</UniqueIdentifier>
    </Filter>
    <Filter Include="01. Utility\03. Component\04. Transform">
      <UniqueIdentifier>{9f0733a9-0332-4395-8ae2-62ca52d6cd68}</UniqueIdentifier>
    </Filter>
    <Filter Include="98. Utils">
      <UniqueIdentifier>{7097a319-a7ca-4e5e-993d-fad66b8ace0c}</UniqueIdentifier>
    </Filter>
    <Filter Include="01. Utility\03. Component\05. Texture">
      <UniqueIdentifier>{1d200c0c-4e2f-49a7-94d7-b6af12360536}</UniqueIdentifier>
    </Filter>
    <Filter Include="01. Utility\03. Component\02. VIBuffer\Terrain">
      <UniqueIdentifier>{89c4282e-f396-4562-b573-2103151d04e1}</UniqueIdentifier>
    </Filter>
    <Filter Include="01. Utility\02. GameObject\Camera">
      <UniqueIdentifier>{94adeb09-0b1d-455c-8317-9a241e3461e8}</UniqueIdentifier>
    </Filter>
    <Filter Include="01. Utility\04. PipeLine">
      <UniqueIdentifier>{d00e5d10-562b-4c6c-870d-5234bc66d664}</UniqueIdentifier>
    </Filter>
    <Filter Include="01. Utility\05. Timer">
      <UniqueIdentifier>{3a4d3e2d-1d80-40d8-999e-8598e8a97270}</UniqueIdentifier>
    </Filter>
    <Filter Include="01. Utility\05. Timer\Manager">
      <UniqueIdentifier>{177bf4c8-8105-48e2-a5dc-236be61c803d}</UniqueIdentifier>
    </Filter>
    <Filter Include="01. Utility\03. Component\02. VIBuffer\Shpere">
      <UniqueIdentifier>{ff86b4af-ba7c-448e-bae7-a14c4c2e6fc2}</UniqueIdentifier>
    </Filter>
    <Filter Include="01. Utility\06. Light">
      <UniqueIdentifier>{d89bcdad-c176-4d38-b290-9e4b806bfb7d}</UniqueIdentifier>
    </Filter>
    <Filter Include="01. Utility\06. Light\Manager">
      <UniqueIdentifier>{ca9576f9-b882-4bd7-bd8b-73571a477c08}</UniqueIdentifier>
    </Filter>
    <Filter Include="00. System\91. PhysX">
      <UniqueIdentifier>{50d6b039-5388-46d2-9415-accba2e900cb}</UniqueIdentifier>
    </Filter>
    <Filter Include="00. System\91. PhysX\Header">
      <UniqueIdentifier>{3a3005cc-f2ef-4cac-929d-4b28b405b9a2}</UniqueIdentifier>
    </Filter>
    <Filter Include="00. System\91. PhysX\Header\Default">
      <UniqueIdentifier>{ea83ad2b-30fa-4913-85e8-25c6ea46b666}</UniqueIdentifier>
    </Filter>
    <Filter Include="00. System\91. PhysX\Header\Characterkinematic">
      <UniqueIdentifier>{e5d25597-7987-4790-81d1-6a8bb32736cd}</UniqueIdentifier>
    </Filter>
    <Filter Include="00. System\91. PhysX\Header\Cloth">
      <UniqueIdentifier>{7a12c877-8598-4820-aece-15622d9a9493}</UniqueIdentifier>
    </Filter>
    <Filter Include="00. System\91. PhysX\Header\Collision">
      <UniqueIdentifier>{71515f77-46f4-4ac7-ba03-98cbc81d380a}</UniqueIdentifier>
    </Filter>
    <Filter Include="00. System\91. PhysX\Header\Common">
      <UniqueIdentifier>{52d7a691-92d5-480e-87c1-e8041daf953d}</UniqueIdentifier>
    </Filter>
    <Filter Include="00. System\91. PhysX\Header\Cooking">
      <UniqueIdentifier>{7cb5c756-2e17-4d07-91b7-186f50c8035f}</UniqueIdentifier>
    </Filter>
    <Filter Include="00. System\91. PhysX\Header\CudaManager">
      <UniqueIdentifier>{9181abfa-e574-4d33-80c6-c6d0c079b787}</UniqueIdentifier>
    </Filter>
    <Filter Include="00. System\91. PhysX\Header\Extensions">
      <UniqueIdentifier>{12dd6aa6-ba3f-4a0c-a508-51586e346c77}</UniqueIdentifier>
    </Filter>
    <Filter Include="00. System\91. PhysX\Header\FileBuffer">
      <UniqueIdentifier>{a024c298-c7e4-4df9-96ba-807340374bc7}</UniqueIdentifier>
    </Filter>
    <Filter Include="00. System\91. PhysX\Header\Foundation">
      <UniqueIdentifier>{731ada7e-2763-4f22-9f00-b1b39fbcca83}</UniqueIdentifier>
    </Filter>
    <Filter Include="00. System\91. PhysX\Header\Geometry">
      <UniqueIdentifier>{ee57a6aa-0756-480e-9e50-932dafd2da85}</UniqueIdentifier>
    </Filter>
    <Filter Include="00. System\91. PhysX\Header\GeomUtils">
      <UniqueIdentifier>{44d5c6af-8131-4f1c-9780-19ef888110ba}</UniqueIdentifier>
    </Filter>
    <Filter Include="00. System\91. PhysX\Header\GPU">
      <UniqueIdentifier>{6f522755-2f27-46ab-a336-5cbed884beb8}</UniqueIdentifier>
    </Filter>
    <Filter Include="00. System\91. PhysX\Header\Particles">
      <UniqueIdentifier>{0584694c-6888-4b51-96a8-f6424e1f4389}</UniqueIdentifier>
    </Filter>
    <Filter Include="00. System\91. PhysX\Header\PVD">
      <UniqueIdentifier>{9a98181a-27ac-47a4-ac74-7c057f28728b}</UniqueIdentifier>
    </Filter>
    <Filter Include="00. System\91. PhysX\Header\Solver">
      <UniqueIdentifier>{25b88b3d-2020-4abe-ae05-bbbeb626cc91}</UniqueIdentifier>
    </Filter>
    <Filter Include="00. System\91. PhysX\Header\Task">
      <UniqueIdentifier>{2ca14043-c770-4052-b702-16c2073e8f50}</UniqueIdentifier>
    </Filter>
    <Filter Include="00. System\91. PhysX\Header\Vehicle">
      <UniqueIdentifier>{b7b6f5e8-ed77-4afe-abf6-cb2fd557b553}</UniqueIdentifier>
    </Filter>
    <Filter Include="00. System\91. PhysX\Header\Common\Windows">
      <UniqueIdentifier>{dc434483-574a-4322-a9f6-42fc1dd3a820}</UniqueIdentifier>
    </Filter>
    <Filter Include="00. System\91. PhysX\Header\Foundation\Windows">
      <UniqueIdentifier>{06fc7d2e-9afd-4ce6-810c-aed07300e7c0}</UniqueIdentifier>
    </Filter>
    <Filter Include="00. System\91. PhysX\Header\PVD\Windows">
      <UniqueIdentifier>{7ffc54f9-70d5-4062-8feb-dd151ad77999}</UniqueIdentifier>
    </Filter>
  </ItemGroup>
  <ItemGroup>
    <ClCompile Include="..\Private\GameInstance.cpp">
      <Filter>01. Utility\00. GameInstance</Filter>
    </ClCompile>
    <ClCompile Include="..\Private\Base.cpp">
      <Filter>01. Utility\99. Base</Filter>
    </ClCompile>
    <ClCompile Include="..\Private\Graphic_Device.cpp">
      <Filter>00. System\00. Device\GraphicDev</Filter>
    </ClCompile>
    <ClCompile Include="..\Private\Input_Device.cpp">
      <Filter>00. System\00. Device\Input</Filter>
    </ClCompile>
    <ClCompile Include="..\ImGui\ImGuizmo.cpp">
      <Filter>00. System\90. ImGui\Source</Filter>
    </ClCompile>
    <ClCompile Include="..\ImGui\ImSequencer.cpp">
      <Filter>00. System\90. ImGui\Source</Filter>
    </ClCompile>
    <ClCompile Include="..\ImGui\GraphEditor.cpp">
      <Filter>00. System\90. ImGui\Source</Filter>
    </ClCompile>
    <ClCompile Include="..\ImGui\ImCurveEdit.cpp">
      <Filter>00. System\90. ImGui\Source</Filter>
    </ClCompile>
    <ClCompile Include="..\ImGui\ImGradient.cpp">
      <Filter>00. System\90. ImGui\Source</Filter>
    </ClCompile>
    <ClCompile Include="..\ImGui\imgui.cpp">
      <Filter>00. System\90. ImGui\Source</Filter>
    </ClCompile>
    <ClCompile Include="..\ImGui\imgui_demo.cpp">
      <Filter>00. System\90. ImGui\Source</Filter>
    </ClCompile>
    <ClCompile Include="..\ImGui\imgui_draw.cpp">
      <Filter>00. System\90. ImGui\Source</Filter>
    </ClCompile>
    <ClCompile Include="..\ImGui\imgui_impl_dx11.cpp">
      <Filter>00. System\90. ImGui\Source</Filter>
    </ClCompile>
    <ClCompile Include="..\ImGui\imgui_impl_win32.cpp">
      <Filter>00. System\90. ImGui\Source</Filter>
    </ClCompile>
    <ClCompile Include="..\ImGui\imgui_tables.cpp">
      <Filter>00. System\90. ImGui\Source</Filter>
    </ClCompile>
    <ClCompile Include="..\ImGui\imgui_widgets.cpp">
      <Filter>00. System\90. ImGui\Source</Filter>
    </ClCompile>
    <ClCompile Include="..\ImGui\ImGuiFileDialog.cpp">
      <Filter>00. System\90. ImGui\Source</Filter>
    </ClCompile>
    <ClCompile Include="..\Private\ImGuiMgr.cpp">
      <Filter>00. System\90. ImGui\00. Manager</Filter>
    </ClCompile>
    <ClCompile Include="..\Private\Tool.cpp">
      <Filter>00. System\90. ImGui\01. Tool</Filter>
    </ClCompile>
    <ClCompile Include="..\Private\Level.cpp">
      <Filter>01. Utility\01. Level</Filter>
    </ClCompile>
    <ClCompile Include="..\Private\LevelMgr.cpp">
      <Filter>01. Utility\01. Level\Manager</Filter>
    </ClCompile>
    <ClCompile Include="..\Private\GameObject.cpp">
      <Filter>01. Utility\02. GameObject</Filter>
    </ClCompile>
    <ClCompile Include="..\Private\Layer.cpp">
      <Filter>01. Utility\02. GameObject\Manager\Layer</Filter>
    </ClCompile>
    <ClCompile Include="..\Private\ObjectMgr.cpp">
      <Filter>01. Utility\02. GameObject\Manager</Filter>
    </ClCompile>
    <ClCompile Include="..\Private\Renderer.cpp">
      <Filter>01. Utility\03. Component\01. Renderer</Filter>
    </ClCompile>
    <ClCompile Include="..\Private\ComponentMgr.cpp">
      <Filter>01. Utility\03. Component\00. Manager</Filter>
    </ClCompile>
    <ClCompile Include="..\Private\VIBuffer.cpp">
      <Filter>01. Utility\03. Component\02. VIBuffer</Filter>
    </ClCompile>
    <ClCompile Include="..\Private\VIBuffer_Rect.cpp">
      <Filter>01. Utility\03. Component\02. VIBuffer\Rect</Filter>
    </ClCompile>
    <ClCompile Include="..\Private\Shader.cpp">
      <Filter>01. Utility\03. Component\03. Shader</Filter>
    </ClCompile>
    <ClCompile Include="..\Private\Component.cpp">
      <Filter>01. Utility\03. Component</Filter>
    </ClCompile>
    <ClCompile Include="..\Public\Engine_Struct.cpp">
      <Filter>99. Define</Filter>
    </ClCompile>
    <ClCompile Include="..\Private\Transform.cpp">
      <Filter>01. Utility\03. Component\04. Transform</Filter>
    </ClCompile>
    <ClCompile Include="..\Private\Texture.cpp">
      <Filter>01. Utility\03. Component\05. Texture</Filter>
    </ClCompile>
    <ClCompile Include="..\Private\VIBuffer_Terrain.cpp">
      <Filter>01. Utility\03. Component\02. VIBuffer\Terrain</Filter>
    </ClCompile>
    <ClCompile Include="..\Private\Camera.cpp">
      <Filter>01. Utility\02. GameObject\Camera</Filter>
    </ClCompile>
    <ClCompile Include="..\Private\PipeLine.cpp">
      <Filter>01. Utility\04. PipeLine</Filter>
    </ClCompile>
    <ClCompile Include="..\Private\Timer.cpp">
      <Filter>01. Utility\05. Timer</Filter>
    </ClCompile>
    <ClCompile Include="..\Private\TimerMgr.cpp">
      <Filter>01. Utility\05. Timer\Manager</Filter>
    </ClCompile>
    <ClCompile Include="..\Private\VIBuffer_Sphere.cpp">
      <Filter>01. Utility\03. Component\02. VIBuffer\Shpere</Filter>
    </ClCompile>
    <ClCompile Include="..\Private\GameUtility.cpp">
      <Filter>98. Utils</Filter>
    </ClCompile>
    <ClCompile Include="..\Private\Light.cpp">
      <Filter>01. Utility\06. Light</Filter>
    </ClCompile>
    <ClCompile Include="..\Private\LightMgr.cpp">
      <Filter>01. Utility\06. Light\Manager</Filter>
    </ClCompile>
    <ClCompile Include="..\Private\PhysX.cpp">
      <Filter>00. System\91. PhysX</Filter>
    </ClCompile>
  </ItemGroup>
  <ItemGroup>
    <ClInclude Include="..\Public\GameInstance.h">
      <Filter>01. Utility\00. GameInstance</Filter>
    </ClInclude>
    <ClInclude Include="..\Public\Base.h">
      <Filter>01. Utility\99. Base</Filter>
    </ClInclude>
    <ClInclude Include="..\Public\Engine_Define.h">
      <Filter>99. Define</Filter>
    </ClInclude>
    <ClInclude Include="..\Public\Engine_Typedef.h">
      <Filter>99. Define</Filter>
    </ClInclude>
    <ClInclude Include="..\Public\Engine_Function.h">
      <Filter>99. Define</Filter>
    </ClInclude>
    <ClInclude Include="..\Public\Engine_Macro.h">
      <Filter>99. Define</Filter>
    </ClInclude>
    <ClInclude Include="..\Public\Engine_Struct.h">
      <Filter>99. Define</Filter>
    </ClInclude>
    <ClInclude Include="..\Public\Graphic_Device.h">
      <Filter>00. System\00. Device\GraphicDev</Filter>
    </ClInclude>
    <ClInclude Include="..\Public\Input_Device.h">
      <Filter>00. System\00. Device\Input</Filter>
    </ClInclude>
    <ClInclude Include="..\ImGui\ImGuizmo.h">
      <Filter>00. System\90. ImGui\Header</Filter>
    </ClInclude>
    <ClInclude Include="..\ImGui\ImSequencer.h">
      <Filter>00. System\90. ImGui\Header</Filter>
    </ClInclude>
    <ClInclude Include="..\ImGui\imstb_rectpack.h">
      <Filter>00. System\90. ImGui\Header</Filter>
    </ClInclude>
    <ClInclude Include="..\ImGui\imstb_textedit.h">
      <Filter>00. System\90. ImGui\Header</Filter>
    </ClInclude>
    <ClInclude Include="..\ImGui\imstb_truetype.h">
      <Filter>00. System\90. ImGui\Header</Filter>
    </ClInclude>
    <ClInclude Include="..\ImGui\ImZoomSlider.h">
      <Filter>00. System\90. ImGui\Header</Filter>
    </ClInclude>
    <ClInclude Include="..\ImGui\dirent.h">
      <Filter>00. System\90. ImGui\Header</Filter>
    </ClInclude>
    <ClInclude Include="..\ImGui\GraphEditor.h">
      <Filter>00. System\90. ImGui\Header</Filter>
    </ClInclude>
    <ClInclude Include="..\ImGui\imconfig.h">
      <Filter>00. System\90. ImGui\Header</Filter>
    </ClInclude>
    <ClInclude Include="..\ImGui\ImCurveEdit.h">
      <Filter>00. System\90. ImGui\Header</Filter>
    </ClInclude>
    <ClInclude Include="..\ImGui\ImGradient.h">
      <Filter>00. System\90. ImGui\Header</Filter>
    </ClInclude>
    <ClInclude Include="..\ImGui\imgui.h">
      <Filter>00. System\90. ImGui\Header</Filter>
    </ClInclude>
    <ClInclude Include="..\ImGui\imgui_impl_dx11.h">
      <Filter>00. System\90. ImGui\Header</Filter>
    </ClInclude>
    <ClInclude Include="..\ImGui\imgui_impl_win32.h">
      <Filter>00. System\90. ImGui\Header</Filter>
    </ClInclude>
    <ClInclude Include="..\ImGui\imgui_internal.h">
      <Filter>00. System\90. ImGui\Header</Filter>
    </ClInclude>
    <ClInclude Include="..\ImGui\ImGuiFileDialog.h">
      <Filter>00. System\90. ImGui\Header</Filter>
    </ClInclude>
    <ClInclude Include="..\ImGui\ImGuiFileDialogConfig.h">
      <Filter>00. System\90. ImGui\Header</Filter>
    </ClInclude>
    <ClInclude Include="..\Public\ImGuiMgr.h">
      <Filter>00. System\90. ImGui\00. Manager</Filter>
    </ClInclude>
    <ClInclude Include="..\Public\Tool.h">
      <Filter>00. System\90. ImGui\01. Tool</Filter>
    </ClInclude>
    <ClInclude Include="..\Public\Level.h">
      <Filter>01. Utility\01. Level</Filter>
    </ClInclude>
    <ClInclude Include="..\Public\LevelMgr.h">
      <Filter>01. Utility\01. Level\Manager</Filter>
    </ClInclude>
    <ClInclude Include="..\Public\Engine_Enum.h">
      <Filter>99. Define</Filter>
    </ClInclude>
    <ClInclude Include="..\Public\GameObject.h">
      <Filter>01. Utility\02. GameObject</Filter>
    </ClInclude>
    <ClInclude Include="..\Public\Layer.h">
      <Filter>01. Utility\02. GameObject\Manager\Layer</Filter>
    </ClInclude>
    <ClInclude Include="..\Public\ObjectMgr.h">
      <Filter>01. Utility\02. GameObject\Manager</Filter>
    </ClInclude>
    <ClInclude Include="..\Public\Component.h">
      <Filter>01. Utility\03. Component</Filter>
    </ClInclude>
    <ClInclude Include="..\Public\Renderer.h">
      <Filter>01. Utility\03. Component\01. Renderer</Filter>
    </ClInclude>
    <ClInclude Include="..\Public\ComponentMgr.h">
      <Filter>01. Utility\03. Component\00. Manager</Filter>
    </ClInclude>
    <ClInclude Include="..\Public\VIBuffer.h">
      <Filter>01. Utility\03. Component\02. VIBuffer</Filter>
    </ClInclude>
    <ClInclude Include="..\Public\VIBuffer_Rect.h">
      <Filter>01. Utility\03. Component\02. VIBuffer\Rect</Filter>
    </ClInclude>
    <ClInclude Include="..\Public\Shader.h">
      <Filter>01. Utility\03. Component\03. Shader</Filter>
    </ClInclude>
    <ClInclude Include="..\Public\Transform.h">
      <Filter>01. Utility\03. Component\04. Transform</Filter>
    </ClInclude>
    <ClInclude Include="..\Public\Texture.h">
      <Filter>01. Utility\03. Component\05. Texture</Filter>
    </ClInclude>
    <ClInclude Include="..\Public\VIBuffer_Terrain.h">
      <Filter>01. Utility\03. Component\02. VIBuffer\Terrain</Filter>
    </ClInclude>
    <ClInclude Include="..\Public\Camera.h">
      <Filter>01. Utility\02. GameObject\Camera</Filter>
    </ClInclude>
    <ClInclude Include="..\Public\PipeLine.h">
      <Filter>01. Utility\04. PipeLine</Filter>
    </ClInclude>
    <ClInclude Include="..\Public\Timer.h">
      <Filter>01. Utility\05. Timer</Filter>
    </ClInclude>
    <ClInclude Include="..\Public\TimerMgr.h">
      <Filter>01. Utility\05. Timer\Manager</Filter>
    </ClInclude>
    <ClInclude Include="..\Public\VIBuffer_Sphere.h">
      <Filter>01. Utility\03. Component\02. VIBuffer\Shpere</Filter>
    </ClInclude>
    <ClInclude Include="..\Public\GameUtility.h">
      <Filter>98. Utils</Filter>
    </ClInclude>
    <ClInclude Include="..\Public\Light.h">
      <Filter>01. Utility\06. Light</Filter>
    </ClInclude>
    <ClInclude Include="..\Public\LightMgr.h">
      <Filter>01. Utility\06. Light\Manager</Filter>
    </ClInclude>
    <ClInclude Include="..\Public\PhysX.h">
      <Filter>00. System\91. PhysX</Filter>
    </ClInclude>
    <ClInclude Include="..\Public\PhysX\PxActor.h">
      <Filter>00. System\91. PhysX\Header\Default</Filter>
    </ClInclude>
    <ClInclude Include="..\Public\PhysX\PxAggregate.h">
      <Filter>00. System\91. PhysX\Header\Default</Filter>
    </ClInclude>
    <ClInclude Include="..\Public\PhysX\PxArticulation.h">
      <Filter>00. System\91. PhysX\Header\Default</Filter>
    </ClInclude>
    <ClInclude Include="..\Public\PhysX\PxArticulationJoint.h">
      <Filter>00. System\91. PhysX\Header\Default</Filter>
    </ClInclude>
    <ClInclude Include="..\Public\PhysX\PxArticulationLink.h">
      <Filter>00. System\91. PhysX\Header\Default</Filter>
    </ClInclude>
    <ClInclude Include="..\Public\PhysX\PxBatchQuery.h">
      <Filter>00. System\91. PhysX\Header\Default</Filter>
    </ClInclude>
    <ClInclude Include="..\Public\PhysX\PxBatchQueryDesc.h">
      <Filter>00. System\91. PhysX\Header\Default</Filter>
    </ClInclude>
    <ClInclude Include="..\Public\PhysX\PxBroadPhase.h">
      <Filter>00. System\91. PhysX\Header\Default</Filter>
    </ClInclude>
    <ClInclude Include="..\Public\PhysX\PxClient.h">
      <Filter>00. System\91. PhysX\Header\Default</Filter>
    </ClInclude>
    <ClInclude Include="..\Public\PhysX\PxConstraint.h">
      <Filter>00. System\91. PhysX\Header\Default</Filter>
    </ClInclude>
    <ClInclude Include="..\Public\PhysX\PxConstraintDesc.h">
      <Filter>00. System\91. PhysX\Header\Default</Filter>
    </ClInclude>
    <ClInclude Include="..\Public\PhysX\PxContact.h">
      <Filter>00. System\91. PhysX\Header\Default</Filter>
    </ClInclude>
    <ClInclude Include="..\Public\PhysX\PxContactModifyCallback.h">
      <Filter>00. System\91. PhysX\Header\Default</Filter>
    </ClInclude>
    <ClInclude Include="..\Public\PhysX\PxDeletionListener.h">
      <Filter>00. System\91. PhysX\Header\Default</Filter>
    </ClInclude>
    <ClInclude Include="..\Public\PhysX\PxFiltering.h">
      <Filter>00. System\91. PhysX\Header\Default</Filter>
    </ClInclude>
    <ClInclude Include="..\Public\PhysX\PxForceMode.h">
      <Filter>00. System\91. PhysX\Header\Default</Filter>
    </ClInclude>
    <ClInclude Include="..\Public\PhysX\PxImmediateMode.h">
      <Filter>00. System\91. PhysX\Header\Default</Filter>
    </ClInclude>
    <ClInclude Include="..\Public\PhysX\PxLockedData.h">
      <Filter>00. System\91. PhysX\Header\Default</Filter>
    </ClInclude>
    <ClInclude Include="..\Public\PhysX\PxMaterial.h">
      <Filter>00. System\91. PhysX\Header\Default</Filter>
    </ClInclude>
    <ClInclude Include="..\Public\PhysX\PxPhysics.h">
      <Filter>00. System\91. PhysX\Header\Default</Filter>
    </ClInclude>
    <ClInclude Include="..\Public\PhysX\PxPhysicsAPI.h">
      <Filter>00. System\91. PhysX\Header\Default</Filter>
    </ClInclude>
    <ClInclude Include="..\Public\PhysX\PxPhysicsSerialization.h">
      <Filter>00. System\91. PhysX\Header\Default</Filter>
    </ClInclude>
    <ClInclude Include="..\Public\PhysX\PxPhysicsVersion.h">
      <Filter>00. System\91. PhysX\Header\Default</Filter>
    </ClInclude>
    <ClInclude Include="..\Public\PhysX\PxPhysXConfig.h">
      <Filter>00. System\91. PhysX\Header\Default</Filter>
    </ClInclude>
    <ClInclude Include="..\Public\PhysX\PxPruningStructure.h">
      <Filter>00. System\91. PhysX\Header\Default</Filter>
    </ClInclude>
    <ClInclude Include="..\Public\PhysX\PxQueryFiltering.h">
      <Filter>00. System\91. PhysX\Header\Default</Filter>
    </ClInclude>
    <ClInclude Include="..\Public\PhysX\PxQueryReport.h">
      <Filter>00. System\91. PhysX\Header\Default</Filter>
    </ClInclude>
    <ClInclude Include="..\Public\PhysX\PxRigidActor.h">
      <Filter>00. System\91. PhysX\Header\Default</Filter>
    </ClInclude>
    <ClInclude Include="..\Public\PhysX\PxRigidBody.h">
      <Filter>00. System\91. PhysX\Header\Default</Filter>
    </ClInclude>
    <ClInclude Include="..\Public\PhysX\PxRigidDynamic.h">
      <Filter>00. System\91. PhysX\Header\Default</Filter>
    </ClInclude>
    <ClInclude Include="..\Public\PhysX\PxRigidStatic.h">
      <Filter>00. System\91. PhysX\Header\Default</Filter>
    </ClInclude>
    <ClInclude Include="..\Public\PhysX\PxScene.h">
      <Filter>00. System\91. PhysX\Header\Default</Filter>
    </ClInclude>
    <ClInclude Include="..\Public\PhysX\PxSceneDesc.h">
      <Filter>00. System\91. PhysX\Header\Default</Filter>
    </ClInclude>
    <ClInclude Include="..\Public\PhysX\PxSceneLock.h">
      <Filter>00. System\91. PhysX\Header\Default</Filter>
    </ClInclude>
    <ClInclude Include="..\Public\PhysX\PxShape.h">
      <Filter>00. System\91. PhysX\Header\Default</Filter>
    </ClInclude>
    <ClInclude Include="..\Public\PhysX\PxSimulationEventCallback.h">
      <Filter>00. System\91. PhysX\Header\Default</Filter>
    </ClInclude>
    <ClInclude Include="..\Public\PhysX\PxSimulationStatistics.h">
      <Filter>00. System\91. PhysX\Header\Default</Filter>
    </ClInclude>
    <ClInclude Include="..\Public\PhysX\PxSpatialIndex.h">
      <Filter>00. System\91. PhysX\Header\Default</Filter>
    </ClInclude>
    <ClInclude Include="..\Public\PhysX\PxVisualizationParameter.h">
      <Filter>00. System\91. PhysX\Header\Default</Filter>
    </ClInclude>
    <ClInclude Include="..\Public\PhysX\PxVolumeCache.h">
      <Filter>00. System\91. PhysX\Header\Default</Filter>
    </ClInclude>
    <ClInclude Include="..\Public\PhysX\characterkinematic\PxExtended.h">
      <Filter>00. System\91. PhysX\Header\Characterkinematic</Filter>
    </ClInclude>
    <ClInclude Include="..\Public\PhysX\characterkinematic\PxBoxController.h">
      <Filter>00. System\91. PhysX\Header\Characterkinematic</Filter>
    </ClInclude>
    <ClInclude Include="..\Public\PhysX\characterkinematic\PxCapsuleController.h">
      <Filter>00. System\91. PhysX\Header\Characterkinematic</Filter>
    </ClInclude>
    <ClInclude Include="..\Public\PhysX\characterkinematic\PxCharacter.h">
      <Filter>00. System\91. PhysX\Header\Characterkinematic</Filter>
    </ClInclude>
    <ClInclude Include="..\Public\PhysX\characterkinematic\PxController.h">
      <Filter>00. System\91. PhysX\Header\Characterkinematic</Filter>
    </ClInclude>
    <ClInclude Include="..\Public\PhysX\characterkinematic\PxControllerBehavior.h">
      <Filter>00. System\91. PhysX\Header\Characterkinematic</Filter>
    </ClInclude>
    <ClInclude Include="..\Public\PhysX\characterkinematic\PxControllerManager.h">
      <Filter>00. System\91. PhysX\Header\Characterkinematic</Filter>
    </ClInclude>
    <ClInclude Include="..\Public\PhysX\characterkinematic\PxControllerObstacles.h">
      <Filter>00. System\91. PhysX\Header\Characterkinematic</Filter>
    </ClInclude>
    <ClInclude Include="..\Public\PhysX\cloth\PxClothParticleData.h">
      <Filter>00. System\91. PhysX\Header\Cloth</Filter>
    </ClInclude>
    <ClInclude Include="..\Public\PhysX\cloth\PxClothTypes.h">
      <Filter>00. System\91. PhysX\Header\Cloth</Filter>
    </ClInclude>
    <ClInclude Include="..\Public\PhysX\cloth\PxCloth.h">
      <Filter>00. System\91. PhysX\Header\Cloth</Filter>
    </ClInclude>
    <ClInclude Include="..\Public\PhysX\cloth\PxClothCollisionData.h">
      <Filter>00. System\91. PhysX\Header\Cloth</Filter>
    </ClInclude>
    <ClInclude Include="..\Public\PhysX\cloth\PxClothFabric.h">
      <Filter>00. System\91. PhysX\Header\Cloth</Filter>
    </ClInclude>
    <ClInclude Include="..\Public\PhysX\collision\PxCollisionDefs.h">
      <Filter>00. System\91. PhysX\Header\Collision</Filter>
    </ClInclude>
    <ClInclude Include="..\Public\PhysX\common\windows\PxWindowsDelayLoadHook.h">
      <Filter>00. System\91. PhysX\Header\Common\Windows</Filter>
    </ClInclude>
    <ClInclude Include="..\Public\PhysX\common\PxStringTable.h">
      <Filter>00. System\91. PhysX\Header\Common</Filter>
    </ClInclude>
    <ClInclude Include="..\Public\PhysX\common\PxTolerancesScale.h">
      <Filter>00. System\91. PhysX\Header\Common</Filter>
    </ClInclude>
    <ClInclude Include="..\Public\PhysX\common\PxTypeInfo.h">
      <Filter>00. System\91. PhysX\Header\Common</Filter>
    </ClInclude>
    <ClInclude Include="..\Public\PhysX\common\PxBase.h">
      <Filter>00. System\91. PhysX\Header\Common</Filter>
    </ClInclude>
    <ClInclude Include="..\Public\PhysX\common\PxCollection.h">
      <Filter>00. System\91. PhysX\Header\Common</Filter>
    </ClInclude>
    <ClInclude Include="..\Public\PhysX\common\PxCoreUtilityTypes.h">
      <Filter>00. System\91. PhysX\Header\Common</Filter>
    </ClInclude>
    <ClInclude Include="..\Public\PhysX\common\PxMetaData.h">
      <Filter>00. System\91. PhysX\Header\Common</Filter>
    </ClInclude>
    <ClInclude Include="..\Public\PhysX\common\PxMetaDataFlags.h">
      <Filter>00. System\91. PhysX\Header\Common</Filter>
    </ClInclude>
    <ClInclude Include="..\Public\PhysX\common\PxPhysicsInsertionCallback.h">
      <Filter>00. System\91. PhysX\Header\Common</Filter>
    </ClInclude>
    <ClInclude Include="..\Public\PhysX\common\PxPhysXCommonConfig.h">
      <Filter>00. System\91. PhysX\Header\Common</Filter>
    </ClInclude>
    <ClInclude Include="..\Public\PhysX\common\PxRenderBuffer.h">
      <Filter>00. System\91. PhysX\Header\Common</Filter>
    </ClInclude>
    <ClInclude Include="..\Public\PhysX\common\PxSerialFramework.h">
      <Filter>00. System\91. PhysX\Header\Common</Filter>
    </ClInclude>
    <ClInclude Include="..\Public\PhysX\common\PxSerializer.h">
      <Filter>00. System\91. PhysX\Header\Common</Filter>
    </ClInclude>
    <ClInclude Include="..\Public\PhysX\cooking\PxTriangleMeshDesc.h">
      <Filter>00. System\91. PhysX\Header\Cooking</Filter>
    </ClInclude>
    <ClInclude Include="..\Public\PhysX\cooking\PxBVH33MidphaseDesc.h">
      <Filter>00. System\91. PhysX\Header\Cooking</Filter>
    </ClInclude>
    <ClInclude Include="..\Public\PhysX\cooking\PxBVH34MidphaseDesc.h">
      <Filter>00. System\91. PhysX\Header\Cooking</Filter>
    </ClInclude>
    <ClInclude Include="..\Public\PhysX\cooking\Pxc.h">
      <Filter>00. System\91. PhysX\Header\Cooking</Filter>
    </ClInclude>
    <ClInclude Include="..\Public\PhysX\cooking\PxConvexMeshDesc.h">
      <Filter>00. System\91. PhysX\Header\Cooking</Filter>
    </ClInclude>
    <ClInclude Include="..\Public\PhysX\cooking\PxCooking.h">
      <Filter>00. System\91. PhysX\Header\Cooking</Filter>
    </ClInclude>
    <ClInclude Include="..\Public\PhysX\cooking\PxMidphaseDesc.h">
      <Filter>00. System\91. PhysX\Header\Cooking</Filter>
    </ClInclude>
    <ClInclude Include="..\Public\PhysX\cudamanager\PxGpuCopyDescQueue.h">
      <Filter>00. System\91. PhysX\Header\CudaManager</Filter>
    </ClInclude>
    <ClInclude Include="..\Public\PhysX\cudamanager\PxCudaContextManager.h">
      <Filter>00. System\91. PhysX\Header\CudaManager</Filter>
    </ClInclude>
    <ClInclude Include="..\Public\PhysX\cudamanager\PxCudaMemoryManager.h">
      <Filter>00. System\91. PhysX\Header\CudaManager</Filter>
    </ClInclude>
    <ClInclude Include="..\Public\PhysX\cudamanager\PxGpuCopyDesc.h">
      <Filter>00. System\91. PhysX\Header\CudaManager</Filter>
    </ClInclude>
    <ClInclude Include="..\Public\PhysX\extensions\PxConstraintExt.h">
      <Filter>00. System\91. PhysX\Header\Extensions</Filter>
    </ClInclude>
    <ClInclude Include="..\Public\PhysX\extensions\PxConvexMeshExt.h">
      <Filter>00. System\91. PhysX\Header\Extensions</Filter>
    </ClInclude>
    <ClInclude Include="..\Public\PhysX\extensions\PxD6Joint.h">
      <Filter>00. System\91. PhysX\Header\Extensions</Filter>
    </ClInclude>
    <ClInclude Include="..\Public\PhysX\extensions\PxDefaultAllocator.h">
      <Filter>00. System\91. PhysX\Header\Extensions</Filter>
    </ClInclude>
    <ClInclude Include="..\Public\PhysX\extensions\PxDefaultCpuDispatcher.h">
      <Filter>00. System\91. PhysX\Header\Extensions</Filter>
    </ClInclude>
    <ClInclude Include="..\Public\PhysX\extensions\PxDefaultErrorCallback.h">
      <Filter>00. System\91. PhysX\Header\Extensions</Filter>
    </ClInclude>
    <ClInclude Include="..\Public\PhysX\extensions\PxDefaultSimulationFilterShader.h">
      <Filter>00. System\91. PhysX\Header\Extensions</Filter>
    </ClInclude>
    <ClInclude Include="..\Public\PhysX\extensions\PxDefaultStreams.h">
      <Filter>00. System\91. PhysX\Header\Extensions</Filter>
    </ClInclude>
    <ClInclude Include="..\Public\PhysX\extensions\PxDistanceJoint.h">
      <Filter>00. System\91. PhysX\Header\Extensions</Filter>
    </ClInclude>
    <ClInclude Include="..\Public\PhysX\extensions\PxExtensionsAPI.h">
      <Filter>00. System\91. PhysX\Header\Extensions</Filter>
    </ClInclude>
    <ClInclude Include="..\Public\PhysX\extensions\PxFixedJoint.h">
      <Filter>00. System\91. PhysX\Header\Extensions</Filter>
    </ClInclude>
    <ClInclude Include="..\Public\PhysX\extensions\PxJoint.h">
      <Filter>00. System\91. PhysX\Header\Extensions</Filter>
    </ClInclude>
    <ClInclude Include="..\Public\PhysX\extensions\PxJointLimit.h">
      <Filter>00. System\91. PhysX\Header\Extensions</Filter>
    </ClInclude>
    <ClInclude Include="..\Public\PhysX\extensions\PxMassProperties.h">
      <Filter>00. System\91. PhysX\Header\Extensions</Filter>
    </ClInclude>
    <ClInclude Include="..\Public\PhysX\extensions\PxParticleExt.h">
      <Filter>00. System\91. PhysX\Header\Extensions</Filter>
    </ClInclude>
    <ClInclude Include="..\Public\PhysX\extensions\PxPrismaticJoint.h">
      <Filter>00. System\91. PhysX\Header\Extensions</Filter>
    </ClInclude>
    <ClInclude Include="..\Public\PhysX\extensions\PxRaycastCCD.h">
      <Filter>00. System\91. PhysX\Header\Extensions</Filter>
    </ClInclude>
    <ClInclude Include="..\Public\PhysX\extensions\PxRepXSerializer.h">
      <Filter>00. System\91. PhysX\Header\Extensions</Filter>
    </ClInclude>
    <ClInclude Include="..\Public\PhysX\extensions\PxRepXSimpleType.h">
      <Filter>00. System\91. PhysX\Header\Extensions</Filter>
    </ClInclude>
    <ClInclude Include="..\Public\PhysX\extensions\PxRevoluteJoint.h">
      <Filter>00. System\91. PhysX\Header\Extensions</Filter>
    </ClInclude>
    <ClInclude Include="..\Public\PhysX\extensions\PxRigidActorExt.h">
      <Filter>00. System\91. PhysX\Header\Extensions</Filter>
    </ClInclude>
    <ClInclude Include="..\Public\PhysX\extensions\PxRigidBodyExt.h">
      <Filter>00. System\91. PhysX\Header\Extensions</Filter>
    </ClInclude>
    <ClInclude Include="..\Public\PhysX\extensions\PxSceneQueryExt.h">
      <Filter>00. System\91. PhysX\Header\Extensions</Filter>
    </ClInclude>
    <ClInclude Include="..\Public\PhysX\extensions\PxSerialization.h">
      <Filter>00. System\91. PhysX\Header\Extensions</Filter>
    </ClInclude>
    <ClInclude Include="..\Public\PhysX\extensions\PxShapeExt.h">
      <Filter>00. System\91. PhysX\Header\Extensions</Filter>
    </ClInclude>
    <ClInclude Include="..\Public\PhysX\extensions\PxSimpleFactory.h">
      <Filter>00. System\91. PhysX\Header\Extensions</Filter>
    </ClInclude>
    <ClInclude Include="..\Public\PhysX\extensions\PxSmoothNormals.h">
      <Filter>00. System\91. PhysX\Header\Extensions</Filter>
    </ClInclude>
    <ClInclude Include="..\Public\PhysX\extensions\PxSphericalJoint.h">
      <Filter>00. System\91. PhysX\Header\Extensions</Filter>
    </ClInclude>
    <ClInclude Include="..\Public\PhysX\extensions\PxStringTableExt.h">
      <Filter>00. System\91. PhysX\Header\Extensions</Filter>
    </ClInclude>
    <ClInclude Include="..\Public\PhysX\extensions\PxTriangleMeshExt.h">
      <Filter>00. System\91. PhysX\Header\Extensions</Filter>
    </ClInclude>
    <ClInclude Include="..\Public\PhysX\extensions\PxBinaryConverter.h">
      <Filter>00. System\91. PhysX\Header\Extensions</Filter>
    </ClInclude>
    <ClInclude Include="..\Public\PhysX\extensions\PxBroadPhaseExt.h">
      <Filter>00. System\91. PhysX\Header\Extensions</Filter>
    </ClInclude>
    <ClInclude Include="..\Public\PhysX\extensions\PxClothFabricCooker.h">
      <Filter>00. System\91. PhysX\Header\Extensions</Filter>
    </ClInclude>
    <ClInclude Include="..\Public\PhysX\extensions\PxClothMeshDesc.h">
      <Filter>00. System\91. PhysX\Header\Extensions</Filter>
    </ClInclude>
    <ClInclude Include="..\Public\PhysX\extensions\PxClothMeshQuadifier.h">
      <Filter>00. System\91. PhysX\Header\Extensions</Filter>
    </ClInclude>
    <ClInclude Include="..\Public\PhysX\extensions\PxClothTetherCooker.h">
      <Filter>00. System\91. PhysX\Header\Extensions</Filter>
    </ClInclude>
    <ClInclude Include="..\Public\PhysX\extensions\PxCollectionExt.h">
      <Filter>00. System\91. PhysX\Header\Extensions</Filter>
    </ClInclude>
    <ClInclude Include="..\Public\PhysX\filebuf\PxFileBuf.h">
      <Filter>00. System\91. PhysX\Header\FileBuffer</Filter>
    </ClInclude>
    <ClInclude Include="..\Public\PhysX\foundation\windows\PxWindowsIntrinsics.h">
      <Filter>00. System\91. PhysX\Header\Foundation\Windows</Filter>
    </ClInclude>
    <ClInclude Include="..\Public\PhysX\foundation\windows\PxWindowsFoundationDelayLoadHook.h">
      <Filter>00. System\91. PhysX\Header\Foundation\Windows</Filter>
    </ClInclude>
    <ClInclude Include="..\Public\PhysX\foundation\PxBounds3.h">
      <Filter>00. System\91. PhysX\Header\Foundation</Filter>
    </ClInclude>
    <ClInclude Include="..\Public\PhysX\foundation\PxErrorCallback.h">
      <Filter>00. System\91. PhysX\Header\Foundation</Filter>
    </ClInclude>
    <ClInclude Include="..\Public\PhysX\foundation\PxErrors.h">
      <Filter>00. System\91. PhysX\Header\Foundation</Filter>
    </ClInclude>
    <ClInclude Include="..\Public\PhysX\foundation\PxFlags.h">
      <Filter>00. System\91. PhysX\Header\Foundation</Filter>
    </ClInclude>
    <ClInclude Include="..\Public\PhysX\foundation\PxFoundation.h">
      <Filter>00. System\91. PhysX\Header\Foundation</Filter>
    </ClInclude>
    <ClInclude Include="..\Public\PhysX\foundation\PxFoundationVersion.h">
      <Filter>00. System\91. PhysX\Header\Foundation</Filter>
    </ClInclude>
    <ClInclude Include="..\Public\PhysX\foundation\PxIntrinsics.h">
      <Filter>00. System\91. PhysX\Header\Foundation</Filter>
    </ClInclude>
    <ClInclude Include="..\Public\PhysX\foundation\PxIO.h">
      <Filter>00. System\91. PhysX\Header\Foundation</Filter>
    </ClInclude>
    <ClInclude Include="..\Public\PhysX\foundation\PxMat33.h">
      <Filter>00. System\91. PhysX\Header\Foundation</Filter>
    </ClInclude>
    <ClInclude Include="..\Public\PhysX\foundation\PxMat44.h">
      <Filter>00. System\91. PhysX\Header\Foundation</Filter>
    </ClInclude>
    <ClInclude Include="..\Public\PhysX\foundation\PxMath.h">
      <Filter>00. System\91. PhysX\Header\Foundation</Filter>
    </ClInclude>
    <ClInclude Include="..\Public\PhysX\foundation\PxMathUtils.h">
      <Filter>00. System\91. PhysX\Header\Foundation</Filter>
    </ClInclude>
    <ClInclude Include="..\Public\PhysX\foundation\PxMemory.h">
      <Filter>00. System\91. PhysX\Header\Foundation</Filter>
    </ClInclude>
    <ClInclude Include="..\Public\PhysX\foundation\PxPlane.h">
      <Filter>00. System\91. PhysX\Header\Foundation</Filter>
    </ClInclude>
    <ClInclude Include="..\Public\PhysX\foundation\PxPreprocessor.h">
      <Filter>00. System\91. PhysX\Header\Foundation</Filter>
    </ClInclude>
    <ClInclude Include="..\Public\PhysX\foundation\PxProfiler.h">
      <Filter>00. System\91. PhysX\Header\Foundation</Filter>
    </ClInclude>
    <ClInclude Include="..\Public\PhysX\foundation\PxQuat.h">
      <Filter>00. System\91. PhysX\Header\Foundation</Filter>
    </ClInclude>
    <ClInclude Include="..\Public\PhysX\foundation\PxSimpleTypes.h">
      <Filter>00. System\91. PhysX\Header\Foundation</Filter>
    </ClInclude>
    <ClInclude Include="..\Public\PhysX\foundation\PxStrideIterator.h">
      <Filter>00. System\91. PhysX\Header\Foundation</Filter>
    </ClInclude>
    <ClInclude Include="..\Public\PhysX\foundation\PxTransform.h">
      <Filter>00. System\91. PhysX\Header\Foundation</Filter>
    </ClInclude>
    <ClInclude Include="..\Public\PhysX\foundation\PxUnionCast.h">
      <Filter>00. System\91. PhysX\Header\Foundation</Filter>
    </ClInclude>
    <ClInclude Include="..\Public\PhysX\foundation\PxVec2.h">
      <Filter>00. System\91. PhysX\Header\Foundation</Filter>
    </ClInclude>
    <ClInclude Include="..\Public\PhysX\foundation\PxVec3.h">
      <Filter>00. System\91. PhysX\Header\Foundation</Filter>
    </ClInclude>
    <ClInclude Include="..\Public\PhysX\foundation\PxVec4.h">
      <Filter>00. System\91. PhysX\Header\Foundation</Filter>
    </ClInclude>
    <ClInclude Include="..\Public\PhysX\foundation\Px.h">
      <Filter>00. System\91. PhysX\Header\Foundation</Filter>
    </ClInclude>
    <ClInclude Include="..\Public\PhysX\foundation\PxAllocatorCallback.h">
      <Filter>00. System\91. PhysX\Header\Foundation</Filter>
    </ClInclude>
    <ClInclude Include="..\Public\PhysX\foundation\PxAssert.h">
      <Filter>00. System\91. PhysX\Header\Foundation</Filter>
    </ClInclude>
    <ClInclude Include="..\Public\PhysX\foundation\PxBitAndData.h">
      <Filter>00. System\91. PhysX\Header\Foundation</Filter>
    </ClInclude>
    <ClInclude Include="..\Public\PhysX\geometry\PxHeightFieldGeometry.h">
      <Filter>00. System\91. PhysX\Header\Geometry</Filter>
    </ClInclude>
    <ClInclude Include="..\Public\PhysX\geometry\PxHeightFieldSample.h">
      <Filter>00. System\91. PhysX\Header\Geometry</Filter>
    </ClInclude>
    <ClInclude Include="..\Public\PhysX\geometry\PxMeshQuery.h">
      <Filter>00. System\91. PhysX\Header\Geometry</Filter>
    </ClInclude>
    <ClInclude Include="..\Public\PhysX\geometry\PxMeshScale.h">
      <Filter>00. System\91. PhysX\Header\Geometry</Filter>
    </ClInclude>
    <ClInclude Include="..\Public\PhysX\geometry\PxPlaneGeometry.h">
      <Filter>00. System\91. PhysX\Header\Geometry</Filter>
    </ClInclude>
    <ClInclude Include="..\Public\PhysX\geometry\PxSimpleTriangleMesh.h">
      <Filter>00. System\91. PhysX\Header\Geometry</Filter>
    </ClInclude>
    <ClInclude Include="..\Public\PhysX\geometry\PxSphereGeometry.h">
      <Filter>00. System\91. PhysX\Header\Geometry</Filter>
    </ClInclude>
    <ClInclude Include="..\Public\PhysX\geometry\PxTriangle.h">
      <Filter>00. System\91. PhysX\Header\Geometry</Filter>
    </ClInclude>
    <ClInclude Include="..\Public\PhysX\geometry\PxTriangleMesh.h">
      <Filter>00. System\91. PhysX\Header\Geometry</Filter>
    </ClInclude>
    <ClInclude Include="..\Public\PhysX\geometry\PxTriangleMeshGeometry.h">
      <Filter>00. System\91. PhysX\Header\Geometry</Filter>
    </ClInclude>
    <ClInclude Include="..\Public\PhysX\geometry\PxBoxGeometry.h">
      <Filter>00. System\91. PhysX\Header\Geometry</Filter>
    </ClInclude>
    <ClInclude Include="..\Public\PhysX\geometry\PxCapsuleGeometry.h">
      <Filter>00. System\91. PhysX\Header\Geometry</Filter>
    </ClInclude>
    <ClInclude Include="..\Public\PhysX\geometry\PxConvexMesh.h">
      <Filter>00. System\91. PhysX\Header\Geometry</Filter>
    </ClInclude>
    <ClInclude Include="..\Public\PhysX\geometry\PxConvexMeshGeometry.h">
      <Filter>00. System\91. PhysX\Header\Geometry</Filter>
    </ClInclude>
    <ClInclude Include="..\Public\PhysX\geometry\PxGeometry.h">
      <Filter>00. System\91. PhysX\Header\Geometry</Filter>
    </ClInclude>
    <ClInclude Include="..\Public\PhysX\geometry\PxGeometryHelpers.h">
      <Filter>00. System\91. PhysX\Header\Geometry</Filter>
    </ClInclude>
    <ClInclude Include="..\Public\PhysX\geometry\PxGeometryQuery.h">
      <Filter>00. System\91. PhysX\Header\Geometry</Filter>
    </ClInclude>
    <ClInclude Include="..\Public\PhysX\geometry\PxHeightField.h">
      <Filter>00. System\91. PhysX\Header\Geometry</Filter>
    </ClInclude>
    <ClInclude Include="..\Public\PhysX\geometry\PxHeightFieldDesc.h">
      <Filter>00. System\91. PhysX\Header\Geometry</Filter>
    </ClInclude>
    <ClInclude Include="..\Public\PhysX\geometry\PxHeightFieldFlag.h">
      <Filter>00. System\91. PhysX\Header\Geometry</Filter>
    </ClInclude>
    <ClInclude Include="..\Public\PhysX\GeomUtils\GuContactPoint.h">
      <Filter>00. System\91. PhysX\Header\GeomUtils</Filter>
    </ClInclude>
    <ClInclude Include="..\Public\PhysX\GeomUtils\GuContactBuffer.h">
      <Filter>00. System\91. PhysX\Header\GeomUtils</Filter>
    </ClInclude>
    <ClInclude Include="..\Public\PhysX\gpu\PxParticleGpu.h">
      <Filter>00. System\91. PhysX\Header\GPU</Filter>
    </ClInclude>
    <ClInclude Include="..\Public\PhysX\gpu\PxGpu.h">
      <Filter>00. System\91. PhysX\Header\GPU</Filter>
    </ClInclude>
    <ClInclude Include="..\Public\PhysX\vehicle\PxVehicleUtilTelemetry.h">
      <Filter>00. System\91. PhysX\Header\Vehicle</Filter>
    </ClInclude>
    <ClInclude Include="..\Public\PhysX\vehicle\PxVehicleWheels.h">
      <Filter>00. System\91. PhysX\Header\Vehicle</Filter>
    </ClInclude>
    <ClInclude Include="..\Public\PhysX\vehicle\PxVehicleComponents.h">
      <Filter>00. System\91. PhysX\Header\Vehicle</Filter>
    </ClInclude>
    <ClInclude Include="..\Public\PhysX\vehicle\PxVehicleDrive.h">
      <Filter>00. System\91. PhysX\Header\Vehicle</Filter>
    </ClInclude>
    <ClInclude Include="..\Public\PhysX\vehicle\PxVehicleDrive4W.h">
      <Filter>00. System\91. PhysX\Header\Vehicle</Filter>
    </ClInclude>
    <ClInclude Include="..\Public\PhysX\vehicle\PxVehicleDriveNW.h">
      <Filter>00. System\91. PhysX\Header\Vehicle</Filter>
    </ClInclude>
    <ClInclude Include="..\Public\PhysX\vehicle\PxVehicleDriveTank.h">
      <Filter>00. System\91. PhysX\Header\Vehicle</Filter>
    </ClInclude>
    <ClInclude Include="..\Public\PhysX\vehicle\PxVehicleNoDrive.h">
      <Filter>00. System\91. PhysX\Header\Vehicle</Filter>
    </ClInclude>
    <ClInclude Include="..\Public\PhysX\vehicle\PxVehicleSDK.h">
      <Filter>00. System\91. PhysX\Header\Vehicle</Filter>
    </ClInclude>
    <ClInclude Include="..\Public\PhysX\vehicle\PxVehicleShaders.h">
      <Filter>00. System\91. PhysX\Header\Vehicle</Filter>
    </ClInclude>
    <ClInclude Include="..\Public\PhysX\vehicle\PxVehicleTireFriction.h">
      <Filter>00. System\91. PhysX\Header\Vehicle</Filter>
    </ClInclude>
    <ClInclude Include="..\Public\PhysX\vehicle\PxVehicleUpdate.h">
      <Filter>00. System\91. PhysX\Header\Vehicle</Filter>
    </ClInclude>
    <ClInclude Include="..\Public\PhysX\vehicle\PxVehicleUtil.h">
      <Filter>00. System\91. PhysX\Header\Vehicle</Filter>
    </ClInclude>
    <ClInclude Include="..\Public\PhysX\vehicle\PxVehicleUtilControl.h">
      <Filter>00. System\91. PhysX\Header\Vehicle</Filter>
    </ClInclude>
    <ClInclude Include="..\Public\PhysX\vehicle\PxVehicleUtilSetup.h">
      <Filter>00. System\91. PhysX\Header\Vehicle</Filter>
    </ClInclude>
    <ClInclude Include="..\Public\PhysX\task\PxTaskManager.h">
      <Filter>00. System\91. PhysX\Header\Task</Filter>
    </ClInclude>
    <ClInclude Include="..\Public\PhysX\task\PxCpuDispatcher.h">
      <Filter>00. System\91. PhysX\Header\Task</Filter>
    </ClInclude>
    <ClInclude Include="..\Public\PhysX\task\PxGpuDispatcher.h">
      <Filter>00. System\91. PhysX\Header\Task</Filter>
    </ClInclude>
    <ClInclude Include="..\Public\PhysX\task\PxGpuTask.h">
      <Filter>00. System\91. PhysX\Header\Task</Filter>
    </ClInclude>
    <ClInclude Include="..\Public\PhysX\task\PxTask.h">
      <Filter>00. System\91. PhysX\Header\Task</Filter>
    </ClInclude>
    <ClInclude Include="..\Public\PhysX\task\PxTaskDefine.h">
      <Filter>00. System\91. PhysX\Header\Task</Filter>
    </ClInclude>
    <ClInclude Include="..\Public\PhysX\solver\PxSolverDefs.h">
      <Filter>00. System\91. PhysX\Header\Solver</Filter>
    </ClInclude>
    <ClInclude Include="..\Public\PhysX\pvd\PxPvd.h">
      <Filter>00. System\91. PhysX\Header\PVD</Filter>
    </ClInclude>
    <ClInclude Include="..\Public\PhysX\pvd\PxPvdSceneClient.h">
      <Filter>00. System\91. PhysX\Header\PVD</Filter>
    </ClInclude>
    <ClInclude Include="..\Public\PhysX\pvd\PxPvdTransport.h">
      <Filter>00. System\91. PhysX\Header\PVD</Filter>
    </ClInclude>
    <ClInclude Include="..\Public\PhysX\pvd\windows\PxWindowsPvdDelayLoadHook.h">
      <Filter>00. System\91. PhysX\Header\PVD\Windows</Filter>
    </ClInclude>
    <ClInclude Include="..\Public\PhysX\particles\PxParticleSystem.h">
      <Filter>00. System\91. PhysX\Header\Particles</Filter>
    </ClInclude>
    <ClInclude Include="..\Public\PhysX\particles\PxParticleBase.h">
      <Filter>00. System\91. PhysX\Header\Particles</Filter>
    </ClInclude>
    <ClInclude Include="..\Public\PhysX\particles\PxParticleBaseFlag.h">
      <Filter>00. System\91. PhysX\Header\Particles</Filter>
    </ClInclude>
    <ClInclude Include="..\Public\PhysX\particles\PxParticleCreationData.h">
      <Filter>00. System\91. PhysX\Header\Particles</Filter>
    </ClInclude>
    <ClInclude Include="..\Public\PhysX\particles\PxParticleFlag.h">
      <Filter>00. System\91. PhysX\Header\Particles</Filter>
    </ClInclude>
    <ClInclude Include="..\Public\PhysX\particles\PxParticleFluid.h">
      <Filter>00. System\91. PhysX\Header\Particles</Filter>
    </ClInclude>
    <ClInclude Include="..\Public\PhysX\particles\PxParticleFluidReadData.h">
      <Filter>00. System\91. PhysX\Header\Particles</Filter>
    </ClInclude>
    <ClInclude Include="..\Public\PhysX\particles\PxParticleReadData.h">
      <Filter>00. System\91. PhysX\Header\Particles</Filter>
    </ClInclude>
  </ItemGroup>
</Project>