<?xml version="1.0" encoding="utf-8"?>
<Project ToolsVersion="4.0" xmlns="http://schemas.microsoft.com/developer/msbuild/2003">
  <ItemGroup>
    <Filter Include="99. Default">
      <UniqueIdentifier>{12602dd8-d468-4a06-a24d-1e0e4f29430e}</UniqueIdentifier>
    </Filter>
    <Filter Include="98. Define">
      <UniqueIdentifier>{a99807d0-6504-4522-bb05-5617742b535b}</UniqueIdentifier>
    </Filter>
    <Filter Include="00. MainApp">
      <UniqueIdentifier>{b27cc0d4-a8ec-4454-aac4-8a49284efc6f}</UniqueIdentifier>
    </Filter>
    <Filter Include="97. Tool">
      <UniqueIdentifier>{e012c15a-5802-456a-9dfe-09c513405754}</UniqueIdentifier>
    </Filter>
    <Filter Include="97. Tool\99. TestTool">
      <UniqueIdentifier>{b9986e19-4e20-40a0-ba51-135e662dd05a}</UniqueIdentifier>
    </Filter>
    <Filter Include="01. Level">
      <UniqueIdentifier>{2407785c-938c-4f7c-b9d5-50fa80ca4778}</UniqueIdentifier>
    </Filter>
    <Filter Include="01. Level\00. Loading">
      <UniqueIdentifier>{3117d178-6010-45b4-ae41-4156ac4c7c95}</UniqueIdentifier>
    </Filter>
    <Filter Include="01. Level\01. Logo">
      <UniqueIdentifier>{70ca98e7-914c-4cbe-99a1-cc09de39808b}</UniqueIdentifier>
    </Filter>
    <Filter Include="01. Level\99. TestStage">
      <UniqueIdentifier>{a979feb7-5958-4471-936e-842dd19240b7}</UniqueIdentifier>
    </Filter>
    <Filter Include="01. Level\00. Loading\Loader">
      <UniqueIdentifier>{d3ece6d2-6cb8-455c-875a-6b417e52a7dc}</UniqueIdentifier>
    </Filter>
    <Filter Include="02. GameObject">
      <UniqueIdentifier>{86135702-a657-483a-abec-e3e33cf4261f}</UniqueIdentifier>
    </Filter>
    <Filter Include="02. GameObject\BackGround">
      <UniqueIdentifier>{5898afbb-0f15-4859-ae28-753d39e03231}</UniqueIdentifier>
    </Filter>
    <Filter Include="96. Shader">
      <UniqueIdentifier>{77454f45-9767-4dfe-83b3-6fb42735eea9}</UniqueIdentifier>
    </Filter>
    <Filter Include="02. GameObject\Terrain">
      <UniqueIdentifier>{90dd5091-c489-4b07-8489-dbc0c7b27eef}</UniqueIdentifier>
    </Filter>
    <Filter Include="02. GameObject\Camera">
      <UniqueIdentifier>{b4099f5e-2fc6-494a-b6c8-a505fa834ac5}</UniqueIdentifier>
    </Filter>
    <Filter Include="02. GameObject\Sphere">
      <UniqueIdentifier>{7bd46246-18af-478b-9c77-da0c017e6878}</UniqueIdentifier>
    </Filter>
    <Filter Include="02. GameObject\Player">
      <UniqueIdentifier>{01d8bbd8-af76-4f46-8990-d1a8278bf3bb}</UniqueIdentifier>
    </Filter>
    <Filter Include="97. Tool\00. ImGui_Settings">
      <UniqueIdentifier>{07085bc3-a443-45aa-ae98-ddf903c9f032}</UniqueIdentifier>
    </Filter>
    <Filter Include="97. Tool\99. Sequencer">
      <UniqueIdentifier>{349b572d-7818-4792-96ed-65301dd31861}</UniqueIdentifier>
    </Filter>
    <Filter Include="97. Tool\99. Sequencer\00. CurveEditor">
      <UniqueIdentifier>{138424c2-46ab-45d1-9063-fc5d17f8daf3}</UniqueIdentifier>
    </Filter>
    <Filter Include="97. Tool\01. Debugger">
      <UniqueIdentifier>{48c0ed84-6087-4749-8f82-e138d1e7d058}</UniqueIdentifier>
    </Filter>
    <Filter Include="97. Tool\02. Level Viewer">
      <UniqueIdentifier>{6be0ba71-60eb-4378-8499-0df47864102b}</UniqueIdentifier>
    </Filter>
    <Filter Include="97. Tool\03. Prototype Manager">
      <UniqueIdentifier>{d6974744-559a-4c65-af75-ec7aa0570892}</UniqueIdentifier>
    </Filter>
    <Filter Include="97. Tool\04. Map Editor">
      <UniqueIdentifier>{719a5ad2-7fca-4d50-837a-0f9b1d77b673}</UniqueIdentifier>
    </Filter>
    <Filter Include="97. Tool\05. Model Editor">
      <UniqueIdentifier>{97ee26b9-ef07-4e52-97ae-841040b53199}</UniqueIdentifier>
    </Filter>
    <Filter Include="02. GameObject\Camera\Dynamic">
      <UniqueIdentifier>{864c05de-f0d8-4d35-902b-3c55ea439fb4}</UniqueIdentifier>
    </Filter>
    <Filter Include="02. GameObject\Camera\Static">
      <UniqueIdentifier>{2a6a81b0-1ffb-4fe8-ab5f-63cb7ee1fd2f}</UniqueIdentifier>
    </Filter>
    <Filter Include="97. Tool\98. Model Save">
      <UniqueIdentifier>{99a53960-6745-4333-bbf8-20b8d01f25a9}</UniqueIdentifier>
    </Filter>
    <Filter Include="02. GameObject\Weapon">
      <UniqueIdentifier>{4eb38428-1eb7-40d8-b3c5-e811a2e92e97}</UniqueIdentifier>
    </Filter>
    <Filter Include="02. GameObject\Weapon\Sword">
      <UniqueIdentifier>{8c0ad76a-294f-41b6-8fec-2a4b4f122c49}</UniqueIdentifier>
    </Filter>
    <Filter Include="02. GameObject\Weapon\Sword\Handle">
      <UniqueIdentifier>{3307ba48-0964-4caf-97e1-949639988f40}</UniqueIdentifier>
    </Filter>
    <Filter Include="02. GameObject\Weapon\Sword\Blade">
      <UniqueIdentifier>{7a10edca-2529-46aa-8604-1e65d8fe6e8d}</UniqueIdentifier>
    </Filter>
    <Filter Include="97. Tool\06. Animator Manager">
      <UniqueIdentifier>{032ea008-c88d-4ea6-96a7-2463c116d8aa}</UniqueIdentifier>
    </Filter>
    <Filter Include="02. GameObject\Player\Ash">
      <UniqueIdentifier>{aa756438-e4c9-486d-8507-f4d9687d70e3}</UniqueIdentifier>
    </Filter>
  </ItemGroup>
  <ItemGroup>
    <ClInclude Include="Client.h">
      <Filter>99. Default</Filter>
    </ClInclude>
    <ClInclude Include="Resource.h">
      <Filter>99. Default</Filter>
    </ClInclude>
    <ClInclude Include="stdafx.h">
      <Filter>99. Default</Filter>
    </ClInclude>
    <ClInclude Include="targetver.h">
      <Filter>99. Default</Filter>
    </ClInclude>
    <ClInclude Include="..\Public\MainApp.h">
      <Filter>00. MainApp</Filter>
    </ClInclude>
    <ClInclude Include="..\Public\Client_Define.h">
      <Filter>98. Define</Filter>
    </ClInclude>
    <ClInclude Include="..\Public\TestTool.h">
      <Filter>97. Tool\99. TestTool</Filter>
    </ClInclude>
    <ClInclude Include="..\Public\Level_Loading.h">
      <Filter>01. Level\00. Loading</Filter>
    </ClInclude>
    <ClInclude Include="..\Public\Loader.h">
      <Filter>01. Level\00. Loading\Loader</Filter>
    </ClInclude>
    <ClInclude Include="..\Public\Level_Logo.h">
      <Filter>01. Level\01. Logo</Filter>
    </ClInclude>
    <ClInclude Include="..\Public\Level_TestStage.h">
      <Filter>01. Level\99. TestStage</Filter>
    </ClInclude>
    <ClInclude Include="..\Public\BackGround.h">
      <Filter>02. GameObject\BackGround</Filter>
    </ClInclude>
    <ClInclude Include="..\Public\Terrain.h">
      <Filter>02. GameObject\Terrain</Filter>
    </ClInclude>
    <ClInclude Include="..\Public\CurveEditor.h">
      <Filter>97. Tool\99. Sequencer\00. CurveEditor</Filter>
    </ClInclude>
    <ClInclude Include="..\Public\MySphere.h">
      <Filter>02. GameObject\Sphere</Filter>
    </ClInclude>
    <ClInclude Include="..\Public\MySequencer.h">
      <Filter>97. Tool\99. Sequencer</Filter>
    </ClInclude>
    <ClInclude Include="..\Public\Tool_Debugger.h">
      <Filter>97. Tool\01. Debugger</Filter>
    </ClInclude>
    <ClInclude Include="..\Public\Player.h">
      <Filter>02. GameObject\Player</Filter>
    </ClInclude>
    <ClInclude Include="..\Public\Tool_Settings.h">
      <Filter>97. Tool\00. ImGui_Settings</Filter>
    </ClInclude>
    <ClInclude Include="..\Public\Tool_LevelViewer.h">
      <Filter>97. Tool\02. Level Viewer</Filter>
    </ClInclude>
    <ClInclude Include="..\Public\Tool_MapEditor.h">
      <Filter>97. Tool\04. Map Editor</Filter>
    </ClInclude>
    <ClInclude Include="..\Public\Tool_Model.h">
      <Filter>97. Tool\05. Model Editor</Filter>
    </ClInclude>
    <ClInclude Include="..\Public\Tool_PrototypeMgr.h">
      <Filter>97. Tool\03. Prototype Manager</Filter>
    </ClInclude>
    <ClInclude Include="..\Public\Dynamic_Camera.h">
      <Filter>02. GameObject\Camera\Dynamic</Filter>
    </ClInclude>
    <ClInclude Include="..\Public\Static_Camera.h">
      <Filter>02. GameObject\Camera\Static</Filter>
    </ClInclude>
    <ClInclude Include="..\Public\Sword_Handle.h">
      <Filter>02. GameObject\Weapon\Sword\Handle</Filter>
    </ClInclude>
    <ClInclude Include="..\Public\Sword_Blade.h">
      <Filter>02. GameObject\Weapon\Sword\Blade</Filter>
    </ClInclude>
    <ClInclude Include="..\Public\Tool_ModelSave.h">
      <Filter>97. Tool\98. Model Save</Filter>
    </ClInclude>
    <ClInclude Include="..\Public\Tool_AnimationManager.h">
      <Filter>97. Tool\06. Animator Manager</Filter>
    </ClInclude>
    <ClInclude Include="..\Public\Weapon.h">
      <Filter>02. GameObject\Weapon</Filter>
    </ClInclude>
    <ClInclude Include="..\Public\Ash.h">
      <Filter>02. GameObject\Player\Ash</Filter>
    </ClInclude>
  </ItemGroup>
  <ItemGroup>
    <ClCompile Include="Client.cpp">
      <Filter>99. Default</Filter>
    </ClCompile>
    <ClCompile Include="stdafx.cpp">
      <Filter>99. Default</Filter>
    </ClCompile>
    <ClCompile Include="..\Private\MainApp.cpp">
      <Filter>00. MainApp</Filter>
    </ClCompile>
    <ClCompile Include="..\Private\TestTool.cpp">
      <Filter>97. Tool\99. TestTool</Filter>
    </ClCompile>
    <ClCompile Include="..\Private\Level_Loading.cpp">
      <Filter>01. Level\00. Loading</Filter>
    </ClCompile>
    <ClCompile Include="..\Private\Loader.cpp">
      <Filter>01. Level\00. Loading\Loader</Filter>
    </ClCompile>
    <ClCompile Include="..\Private\Level_Logo.cpp">
      <Filter>01. Level\01. Logo</Filter>
    </ClCompile>
    <ClCompile Include="..\Private\Level_TestStage.cpp">
      <Filter>01. Level\99. TestStage</Filter>
    </ClCompile>
    <ClCompile Include="..\Private\BackGround.cpp">
      <Filter>02. GameObject\BackGround</Filter>
    </ClCompile>
    <ClCompile Include="..\Private\Terrain.cpp">
      <Filter>02. GameObject\Terrain</Filter>
    </ClCompile>
    <ClCompile Include="..\Private\CurveEditor.cpp">
      <Filter>97. Tool\99. Sequencer\00. CurveEditor</Filter>
    </ClCompile>
    <ClCompile Include="..\Private\MySphere.cpp">
      <Filter>02. GameObject\Sphere</Filter>
    </ClCompile>
    <ClCompile Include="..\Private\MySequencer.cpp">
      <Filter>97. Tool\99. Sequencer</Filter>
    </ClCompile>
    <ClCompile Include="..\Private\Tool_Debugger.cpp">
      <Filter>97. Tool\01. Debugger</Filter>
    </ClCompile>
    <ClCompile Include="..\Private\Player.cpp">
      <Filter>02. GameObject\Player</Filter>
    </ClCompile>
    <ClCompile Include="..\Private\Tool_Settings.cpp">
      <Filter>97. Tool\00. ImGui_Settings</Filter>
    </ClCompile>
    <ClCompile Include="..\Private\Tool_LevelViewer.cpp">
      <Filter>97. Tool\02. Level Viewer</Filter>
    </ClCompile>
    <ClCompile Include="..\Private\Tool_MapEditor.cpp">
      <Filter>97. Tool\04. Map Editor</Filter>
    </ClCompile>
    <ClCompile Include="..\Private\Tool_Model.cpp">
      <Filter>97. Tool\05. Model Editor</Filter>
    </ClCompile>
    <ClCompile Include="..\Private\Tool_PrototypeMgr.cpp">
      <Filter>97. Tool\03. Prototype Manager</Filter>
    </ClCompile>
    <ClCompile Include="..\Private\Dynamic_Camera.cpp">
      <Filter>02. GameObject\Camera\Dynamic</Filter>
    </ClCompile>
    <ClCompile Include="..\Private\Static_Camera.cpp">
      <Filter>02. GameObject\Camera\Static</Filter>
    </ClCompile>
    <ClCompile Include="..\Private\Sword_Handle.cpp">
      <Filter>02. GameObject\Weapon\Sword\Handle</Filter>
    </ClCompile>
    <ClCompile Include="..\Private\Sword_Blade.cpp">
      <Filter>02. GameObject\Weapon\Sword\Blade</Filter>
    </ClCompile>
    <ClCompile Include="..\Private\Tool_ModelSave.cpp">
      <Filter>97. Tool\98. Model Save</Filter>
    </ClCompile>
    <ClCompile Include="..\Private\Tool_AnimationManager.cpp">
      <Filter>97. Tool\06. Animator Manager</Filter>
    </ClCompile>
    <ClCompile Include="..\Private\Weapon.cpp">
      <Filter>02. GameObject\Weapon</Filter>
    </ClCompile>
    <ClCompile Include="..\Private\Ash.cpp">
      <Filter>02. GameObject\Player\Ash</Filter>
    </ClCompile>
  </ItemGroup>
  <ItemGroup>
    <Image Include="Client.ico">
      <Filter>99. Default</Filter>
    </Image>
    <Image Include="small.ico">
      <Filter>99. Default</Filter>
    </Image>
  </ItemGroup>
  <ItemGroup>
    <ResourceCompile Include="Client.rc">
      <Filter>99. Default</Filter>
    </ResourceCompile>
  </ItemGroup>
  <ItemGroup>
    <FxCompile Include="..\Bin\Shader\Shader_VtxTex.hlsl">
      <Filter>96. Shader</Filter>
    </FxCompile>
    <FxCompile Include="..\Bin\Shader\Shader_VtxNorTex.hlsl">
      <Filter>96. Shader</Filter>
    </FxCompile>
    <FxCompile Include="..\Bin\Shader\Shader_VtxNonAnim.hlsl">
      <Filter>96. Shader</Filter>
    </FxCompile>
    <FxCompile Include="..\Bin\Shader\Shader_VtxAnimModel.hlsl">
      <Filter>96. Shader</Filter>
    </FxCompile>
  </ItemGroup>
</Project>