<?xml version="1.0" encoding="utf-8"?>
<Project ToolsVersion="4.0" xmlns="http://schemas.microsoft.com/developer/msbuild/2003">
  <ItemGroup>
    <Filter Include="99. Default">
      <UniqueIdentifier>{12602dd8-d468-4a06-a24d-1e0e4f29430e}</UniqueIdentifier>
    </Filter>
    <Filter Include="98. Define">
      <UniqueIdentifier>{a99807d0-6504-4522-bb05-5617742b535b}</UniqueIdentifier>
    </Filter>
    <Filter Include="00. MainApp">
      <UniqueIdentifier>{b27cc0d4-a8ec-4454-aac4-8a49284efc6f}</UniqueIdentifier>
    </Filter>
    <Filter Include="97. Tool">
      <UniqueIdentifier>{e012c15a-5802-456a-9dfe-09c513405754}</UniqueIdentifier>
    </Filter>
    <Filter Include="97. Tool\99. TestTool">
      <UniqueIdentifier>{b9986e19-4e20-40a0-ba51-135e662dd05a}</UniqueIdentifier>
    </Filter>
    <Filter Include="01. Level">
      <UniqueIdentifier>{2407785c-938c-4f7c-b9d5-50fa80ca4778}</UniqueIdentifier>
    </Filter>
    <Filter Include="01. Level\00. Loading">
      <UniqueIdentifier>{3117d178-6010-45b4-ae41-4156ac4c7c95}</UniqueIdentifier>
    </Filter>
    <Filter Include="01. Level\01. Logo">
      <UniqueIdentifier>{70ca98e7-914c-4cbe-99a1-cc09de39808b}</UniqueIdentifier>
    </Filter>
    <Filter Include="01. Level\99. TestStage">
      <UniqueIdentifier>{a979feb7-5958-4471-936e-842dd19240b7}</UniqueIdentifier>
    </Filter>
    <Filter Include="01. Level\00. Loading\Loader">
      <UniqueIdentifier>{d3ece6d2-6cb8-455c-875a-6b417e52a7dc}</UniqueIdentifier>
    </Filter>
    <Filter Include="02. GameObject">
      <UniqueIdentifier>{86135702-a657-483a-abec-e3e33cf4261f}</UniqueIdentifier>
    </Filter>
    <Filter Include="02. GameObject\BackGround">
      <UniqueIdentifier>{5898afbb-0f15-4859-ae28-753d39e03231}</UniqueIdentifier>
    </Filter>
    <Filter Include="96. Shader">
      <UniqueIdentifier>{77454f45-9767-4dfe-83b3-6fb42735eea9}</UniqueIdentifier>
    </Filter>
    <Filter Include="02. GameObject\Terrain">
      <UniqueIdentifier>{90dd5091-c489-4b07-8489-dbc0c7b27eef}</UniqueIdentifier>
    </Filter>
    <Filter Include="02. GameObject\Sphere">
      <UniqueIdentifier>{7bd46246-18af-478b-9c77-da0c017e6878}</UniqueIdentifier>
    </Filter>
    <Filter Include="02. GameObject\Player">
      <UniqueIdentifier>{01d8bbd8-af76-4f46-8990-d1a8278bf3bb}</UniqueIdentifier>
    </Filter>
    <Filter Include="97. Tool\00. ImGui_Settings">
      <UniqueIdentifier>{07085bc3-a443-45aa-ae98-ddf903c9f032}</UniqueIdentifier>
    </Filter>
    <Filter Include="97. Tool\99. Sequencer">
      <UniqueIdentifier>{349b572d-7818-4792-96ed-65301dd31861}</UniqueIdentifier>
    </Filter>
    <Filter Include="97. Tool\99. Sequencer\00. CurveEditor">
      <UniqueIdentifier>{138424c2-46ab-45d1-9063-fc5d17f8daf3}</UniqueIdentifier>
    </Filter>
    <Filter Include="97. Tool\01. Debugger">
      <UniqueIdentifier>{48c0ed84-6087-4749-8f82-e138d1e7d058}</UniqueIdentifier>
    </Filter>
    <Filter Include="97. Tool\02. Level Viewer">
      <UniqueIdentifier>{6be0ba71-60eb-4378-8499-0df47864102b}</UniqueIdentifier>
    </Filter>
    <Filter Include="97. Tool\03. Prototype Manager">
      <UniqueIdentifier>{d6974744-559a-4c65-af75-ec7aa0570892}</UniqueIdentifier>
    </Filter>
    <Filter Include="97. Tool\04. Map Editor">
      <UniqueIdentifier>{719a5ad2-7fca-4d50-837a-0f9b1d77b673}</UniqueIdentifier>
    </Filter>
    <Filter Include="97. Tool\05. Model Editor">
      <UniqueIdentifier>{97ee26b9-ef07-4e52-97ae-841040b53199}</UniqueIdentifier>
    </Filter>
    <Filter Include="97. Tool\98. Model Save">
      <UniqueIdentifier>{99a53960-6745-4333-bbf8-20b8d01f25a9}</UniqueIdentifier>
    </Filter>
    <Filter Include="97. Tool\06. Animator Manager">
      <UniqueIdentifier>{032ea008-c88d-4ea6-96a7-2463c116d8aa}</UniqueIdentifier>
    </Filter>
    <Filter Include="02. GameObject\00. For_Public">
      <UniqueIdentifier>{316972b5-36aa-445f-af7c-ca24aaa177e6}</UniqueIdentifier>
    </Filter>
    <Filter Include="02. GameObject\01. For_Logo">
      <UniqueIdentifier>{084d1561-b2fb-4c60-b1e9-23306e60d6cd}</UniqueIdentifier>
    </Filter>
    <Filter Include="02. GameObject\00. For_Public\Camera">
      <UniqueIdentifier>{b4099f5e-2fc6-494a-b6c8-a505fa834ac5}</UniqueIdentifier>
    </Filter>
    <Filter Include="02. GameObject\00. For_Public\Camera\Dynamic">
      <UniqueIdentifier>{864c05de-f0d8-4d35-902b-3c55ea439fb4}</UniqueIdentifier>
    </Filter>
    <Filter Include="02. GameObject\00. For_Public\Camera\Static">
      <UniqueIdentifier>{2a6a81b0-1ffb-4fe8-ab5f-63cb7ee1fd2f}</UniqueIdentifier>
    </Filter>
    <Filter Include="02. GameObject\00. For_Public\Camera\Main_Camera">
      <UniqueIdentifier>{397e7a04-1b46-4a16-9dc2-3362f7f3a1d7}</UniqueIdentifier>
    </Filter>
    <Filter Include="02. GameObject\01. For_Logo\00. UI">
      <UniqueIdentifier>{5910275f-8760-4c65-ab55-218ca2187d56}</UniqueIdentifier>
    </Filter>
    <Filter Include="02. GameObject\01. For_Logo\00. UI\Logo">
      <UniqueIdentifier>{bda5e6e0-7029-4617-8fd5-f8adab4322bd}</UniqueIdentifier>
    </Filter>
    <Filter Include="02. GameObject\00. For_Public\Player">
      <UniqueIdentifier>{9ce75535-925a-4806-9d3d-343bd4a3ace9}</UniqueIdentifier>
    </Filter>
    <Filter Include="02. GameObject\00. For_Public\Ocean">
      <UniqueIdentifier>{0fca738d-b295-42b9-b973-b87507477cfa}</UniqueIdentifier>
    </Filter>
    <Filter Include="02. GameObject\00. For_Public\SkyBox">
      <UniqueIdentifier>{5e5c8db7-920d-423c-9aeb-b8d17ad2fa66}</UniqueIdentifier>
    </Filter>
    <Filter Include="02. GameObject\99. Parent">
      <UniqueIdentifier>{fb712ba7-6460-48ed-a9e0-d1b5c8ca1b65}</UniqueIdentifier>
    </Filter>
    <Filter Include="02. GameObject\99. Parent\Weapon">
      <UniqueIdentifier>{4eb38428-1eb7-40d8-b3c5-e811a2e92e97}</UniqueIdentifier>
    </Filter>
    <Filter Include="02. GameObject\99. Parent\Weapon\Sword">
      <UniqueIdentifier>{8c0ad76a-294f-41b6-8fec-2a4b4f122c49}</UniqueIdentifier>
    </Filter>
    <Filter Include="02. GameObject\99. Parent\Weapon\Sword\Handle">
      <UniqueIdentifier>{3307ba48-0964-4caf-97e1-949639988f40}</UniqueIdentifier>
    </Filter>
    <Filter Include="02. GameObject\99. Parent\Weapon\Sword\Blade">
      <UniqueIdentifier>{7a10edca-2529-46aa-8604-1e65d8fe6e8d}</UniqueIdentifier>
    </Filter>
    <Filter Include="02. GameObject\99. Parent\UI">
      <UniqueIdentifier>{1f261487-d001-43d6-be53-c314e3161b39}</UniqueIdentifier>
    </Filter>
    <Filter Include="02. GameObject\00. For_Public\Player\Sigrid">
      <UniqueIdentifier>{aa756438-e4c9-486d-8507-f4d9687d70e3}</UniqueIdentifier>
    </Filter>
    <Filter Include="02. GameObject\00. For_Public\Player\Sigrid_State">
      <UniqueIdentifier>{797c049a-40a8-4e9e-897d-26e80d166068}</UniqueIdentifier>
    </Filter>
    <Filter Include="02. GameObject\02. For_MainStage">
      <UniqueIdentifier>{48ba3bfc-d1bb-4d8b-b67e-3e0c8769b1af}</UniqueIdentifier>
    </Filter>
    <Filter Include="02. GameObject\02. For_MainStage\Islands">
      <UniqueIdentifier>{0e02fc85-c7de-4fbb-84e4-89feed8072dc}</UniqueIdentifier>
    </Filter>
    <Filter Include="97. Tool\07. Navigation Editor">
      <UniqueIdentifier>{854c7cc7-a906-4d73-a3c8-b581c9d9f249}</UniqueIdentifier>
    </Filter>
    <Filter Include="02. GameObject\02. For_MainStage\Enemy">
      <UniqueIdentifier>{4a56e1a9-9193-486b-8d62-37a987e8da77}</UniqueIdentifier>
    </Filter>
    <Filter Include="02. GameObject\02. For_MainStage\Enemy\00. Critter_Small">
      <UniqueIdentifier>{2b9a9d87-2dda-45cf-a521-190a294491eb}</UniqueIdentifier>
    </Filter>
    <Filter Include="02. GameObject\02. For_MainStage\Enemy\00. Critter_Small\Cirtter_Small_State">
      <UniqueIdentifier>{a26f684e-98fb-4370-ab2a-cfa46a65f3de}</UniqueIdentifier>
    </Filter>
    <Filter Include="02. GameObject\99. Parent\Enemy">
      <UniqueIdentifier>{a753a7b4-348b-46cc-917c-5f8e587a7f2f}</UniqueIdentifier>
    </Filter>
    <Filter Include="02. GameObject\02. For_MainStage\Enemy\01. Shinobi">
      <UniqueIdentifier>{acc37e66-4390-4eb1-91d0-8a7144c01d50}</UniqueIdentifier>
    </Filter>
    <Filter Include="02. GameObject\02. For_MainStage\Objects">
      <UniqueIdentifier>{f0889a9b-f675-42f9-9744-c880ee28bed6}</UniqueIdentifier>
    </Filter>
    <Filter Include="02. GameObject\02. For_MainStage\Objects\00. Grapple Launcher">
      <UniqueIdentifier>{fd5af2cb-97d0-4c90-94c5-e4330832badf}</UniqueIdentifier>
    </Filter>
    <Filter Include="02. GameObject\02. For_MainStage\Objects\01. Grapple Hang">
      <UniqueIdentifier>{70973688-6fe2-4cd6-84a8-5235b0ac815b}</UniqueIdentifier>
    </Filter>
    <Filter Include="02. GameObject\02. For_MainStage\Islands\Portal Island">
      <UniqueIdentifier>{bc3430e3-64a7-405f-a122-5ff910d9225a}</UniqueIdentifier>
    </Filter>
    <Filter Include="02. GameObject\02. For_MainStage\Islands\Main Island">
      <UniqueIdentifier>{03fa82cd-5ec2-4b3e-a608-eace3e55f85b}</UniqueIdentifier>
    </Filter>
    <Filter Include="02. GameObject\02. For_MainStage\Islands\Hellheim">
      <UniqueIdentifier>{0a376df7-75f2-4a1e-84ad-29bcac7f44b8}</UniqueIdentifier>
    </Filter>
    <Filter Include="02. GameObject\02. For_MainStage\Islands\Mystic Island">
      <UniqueIdentifier>{f8fa63fa-12ac-43fc-a65d-e69d7a28e1c8}</UniqueIdentifier>
    </Filter>
    <Filter Include="02. GameObject\02. For_MainStage\Islands\Fantasy Island">
      <UniqueIdentifier>{bba4d07e-82fe-4181-8865-f54afb976a05}</UniqueIdentifier>
    </Filter>
    <Filter Include="02. GameObject\02. For_MainStage\Islands\River_Island">
      <UniqueIdentifier>{cf2493a8-47ce-4ae3-853e-7b12537142c7}</UniqueIdentifier>
    </Filter>
    <Filter Include="02. GameObject\02. For_MainStage\Islands\Stylized Island">
      <UniqueIdentifier>{694b1bcf-b5dc-4da8-9fbf-166173efacb1}</UniqueIdentifier>
    </Filter>
    <Filter Include="02. GameObject\02. For_MainStage\Islands\Shop Island">
      <UniqueIdentifier>{bef987e8-0ab4-40a1-b0fd-373fbd2d34f9}</UniqueIdentifier>
    </Filter>
    <Filter Include="02. GameObject\02. For_MainStage\Islands\Temple Island">
      <UniqueIdentifier>{e9311647-d950-45f2-924f-4d010d505f57}</UniqueIdentifier>
    </Filter>
  </ItemGroup>
  <ItemGroup>
    <ClInclude Include="Client.h">
      <Filter>99. Default</Filter>
    </ClInclude>
    <ClInclude Include="Resource.h">
      <Filter>99. Default</Filter>
    </ClInclude>
    <ClInclude Include="stdafx.h">
      <Filter>99. Default</Filter>
    </ClInclude>
    <ClInclude Include="targetver.h">
      <Filter>99. Default</Filter>
    </ClInclude>
    <ClInclude Include="..\Public\MainApp.h">
      <Filter>00. MainApp</Filter>
    </ClInclude>
    <ClInclude Include="..\Public\Client_Define.h">
      <Filter>98. Define</Filter>
    </ClInclude>
    <ClInclude Include="..\Public\TestTool.h">
      <Filter>97. Tool\99. TestTool</Filter>
    </ClInclude>
    <ClInclude Include="..\Public\Level_Loading.h">
      <Filter>01. Level\00. Loading</Filter>
    </ClInclude>
    <ClInclude Include="..\Public\Loader.h">
      <Filter>01. Level\00. Loading\Loader</Filter>
    </ClInclude>
    <ClInclude Include="..\Public\Level_Logo.h">
      <Filter>01. Level\01. Logo</Filter>
    </ClInclude>
    <ClInclude Include="..\Public\Level_TestStage.h">
      <Filter>01. Level\99. TestStage</Filter>
    </ClInclude>
    <ClInclude Include="..\Public\BackGround.h">
      <Filter>02. GameObject\BackGround</Filter>
    </ClInclude>
    <ClInclude Include="..\Public\Terrain.h">
      <Filter>02. GameObject\Terrain</Filter>
    </ClInclude>
    <ClInclude Include="..\Public\CurveEditor.h">
      <Filter>97. Tool\99. Sequencer\00. CurveEditor</Filter>
    </ClInclude>
    <ClInclude Include="..\Public\MySphere.h">
      <Filter>02. GameObject\Sphere</Filter>
    </ClInclude>
    <ClInclude Include="..\Public\MySequencer.h">
      <Filter>97. Tool\99. Sequencer</Filter>
    </ClInclude>
    <ClInclude Include="..\Public\Tool_Debugger.h">
      <Filter>97. Tool\01. Debugger</Filter>
    </ClInclude>
    <ClInclude Include="..\Public\Player.h">
      <Filter>02. GameObject\Player</Filter>
    </ClInclude>
    <ClInclude Include="..\Public\Tool_Settings.h">
      <Filter>97. Tool\00. ImGui_Settings</Filter>
    </ClInclude>
    <ClInclude Include="..\Public\Tool_LevelViewer.h">
      <Filter>97. Tool\02. Level Viewer</Filter>
    </ClInclude>
    <ClInclude Include="..\Public\Tool_MapEditor.h">
      <Filter>97. Tool\04. Map Editor</Filter>
    </ClInclude>
    <ClInclude Include="..\Public\Tool_Model.h">
      <Filter>97. Tool\05. Model Editor</Filter>
    </ClInclude>
    <ClInclude Include="..\Public\Tool_PrototypeMgr.h">
      <Filter>97. Tool\03. Prototype Manager</Filter>
    </ClInclude>
    <ClInclude Include="..\Public\Dynamic_Camera.h">
      <Filter>02. GameObject\00. For_Public\Camera\Dynamic</Filter>
    </ClInclude>
    <ClInclude Include="..\Public\Static_Camera.h">
      <Filter>02. GameObject\00. For_Public\Camera\Static</Filter>
    </ClInclude>
    <ClInclude Include="..\Public\Sword_Handle.h">
      <Filter>02. GameObject\99. Parent\Weapon\Sword\Handle</Filter>
    </ClInclude>
    <ClInclude Include="..\Public\Sword_Blade.h">
      <Filter>02. GameObject\99. Parent\Weapon\Sword\Blade</Filter>
    </ClInclude>
    <ClInclude Include="..\Public\Tool_ModelSave.h">
      <Filter>97. Tool\98. Model Save</Filter>
    </ClInclude>
    <ClInclude Include="..\Public\Tool_AnimationManager.h">
      <Filter>97. Tool\06. Animator Manager</Filter>
    </ClInclude>
    <ClInclude Include="..\Public\Weapon.h">
      <Filter>02. GameObject\99. Parent\Weapon</Filter>
    </ClInclude>
    <ClInclude Include="..\Public\UI.h">
      <Filter>02. GameObject\99. Parent\UI</Filter>
    </ClInclude>
    <ClInclude Include="..\Public\Logo.h">
      <Filter>02. GameObject\01. For_Logo\00. UI\Logo</Filter>
    </ClInclude>
    <ClInclude Include="..\Public\Sigrid.h">
      <Filter>02. GameObject\00. For_Public\Player\Sigrid</Filter>
    </ClInclude>
    <ClInclude Include="..\Public\Sigrid_State.h">
      <Filter>02. GameObject\00. For_Public\Player\Sigrid_State</Filter>
    </ClInclude>
    <ClInclude Include="..\Bin\Shader\Shader_Define.h">
      <Filter>96. Shader</Filter>
    </ClInclude>
    <ClInclude Include="..\Public\Ocean.h">
      <Filter>02. GameObject\00. For_Public\Ocean</Filter>
    </ClInclude>
    <ClInclude Include="..\Public\SkyBox.h">
      <Filter>02. GameObject\00. For_Public\SkyBox</Filter>
    </ClInclude>
    <ClInclude Include="..\Public\Tool_Navigation.h">
      <Filter>97. Tool\07. Navigation Editor</Filter>
    </ClInclude>
    <ClInclude Include="..\Public\Critter_Small.h">
      <Filter>02. GameObject\02. For_MainStage\Enemy\00. Critter_Small</Filter>
    </ClInclude>
    <ClInclude Include="..\Public\Critter_Small_State.h">
      <Filter>02. GameObject\02. For_MainStage\Enemy\00. Critter_Small\Cirtter_Small_State</Filter>
    </ClInclude>
    <ClInclude Include="..\Public\Enemy.h">
      <Filter>02. GameObject\99. Parent\Enemy</Filter>
    </ClInclude>
    <ClInclude Include="..\Public\Shinobi.h">
      <Filter>02. GameObject\02. For_MainStage\Enemy\01. Shinobi</Filter>
    </ClInclude>
    <ClInclude Include="..\Public\Grapple_Launcher.h">
      <Filter>02. GameObject\02. For_MainStage\Objects\00. Grapple Launcher</Filter>
    </ClInclude>
    <ClInclude Include="..\Public\Grapple_Hang.h">
      <Filter>02. GameObject\02. For_MainStage\Objects\01. Grapple Hang</Filter>
    </ClInclude>
    <ClInclude Include="..\Public\MainIsland.h">
      <Filter>02. GameObject\02. For_MainStage\Islands\Main Island</Filter>
    </ClInclude>
    <ClInclude Include="..\Public\Portal_Island.h">
      <Filter>02. GameObject\02. For_MainStage\Islands\Portal Island</Filter>
    </ClInclude>
    <ClInclude Include="..\Public\Hellheim_Island.h">
      <Filter>02. GameObject\02. For_MainStage\Islands\Hellheim</Filter>
    </ClInclude>
    <ClInclude Include="..\Public\Fantasy_Island.h">
      <Filter>02. GameObject\02. For_MainStage\Islands\Fantasy Island</Filter>
    </ClInclude>
    <ClInclude Include="..\Public\Mystic_Island.h">
      <Filter>02. GameObject\02. For_MainStage\Islands\Mystic Island</Filter>
    </ClInclude>
    <ClInclude Include="..\Public\River_Island.h">
      <Filter>02. GameObject\02. For_MainStage\Islands\River_Island</Filter>
    </ClInclude>
    <ClInclude Include="..\Public\Stylized_Island.h">
      <Filter>02. GameObject\02. For_MainStage\Islands\Stylized Island</Filter>
    </ClInclude>
    <ClInclude Include="..\Public\Shop_Island.h">
      <Filter>02. GameObject\02. For_MainStage\Islands\Shop Island</Filter>
    </ClInclude>
    <ClInclude Include="..\Public\Temple_Island.h">
      <Filter>02. GameObject\02. For_MainStage\Islands\Temple Island</Filter>
    </ClInclude>
  </ItemGroup>
  <ItemGroup>
    <ClCompile Include="Client.cpp">
      <Filter>99. Default</Filter>
    </ClCompile>
    <ClCompile Include="stdafx.cpp">
      <Filter>99. Default</Filter>
    </ClCompile>
    <ClCompile Include="..\Private\MainApp.cpp">
      <Filter>00. MainApp</Filter>
    </ClCompile>
    <ClCompile Include="..\Private\TestTool.cpp">
      <Filter>97. Tool\99. TestTool</Filter>
    </ClCompile>
    <ClCompile Include="..\Private\Level_Loading.cpp">
      <Filter>01. Level\00. Loading</Filter>
    </ClCompile>
    <ClCompile Include="..\Private\Loader.cpp">
      <Filter>01. Level\00. Loading\Loader</Filter>
    </ClCompile>
    <ClCompile Include="..\Private\Level_Logo.cpp">
      <Filter>01. Level\01. Logo</Filter>
    </ClCompile>
    <ClCompile Include="..\Private\Level_TestStage.cpp">
      <Filter>01. Level\99. TestStage</Filter>
    </ClCompile>
    <ClCompile Include="..\Private\BackGround.cpp">
      <Filter>02. GameObject\BackGround</Filter>
    </ClCompile>
    <ClCompile Include="..\Private\Terrain.cpp">
      <Filter>02. GameObject\Terrain</Filter>
    </ClCompile>
    <ClCompile Include="..\Private\CurveEditor.cpp">
      <Filter>97. Tool\99. Sequencer\00. CurveEditor</Filter>
    </ClCompile>
    <ClCompile Include="..\Private\MySphere.cpp">
      <Filter>02. GameObject\Sphere</Filter>
    </ClCompile>
    <ClCompile Include="..\Private\MySequencer.cpp">
      <Filter>97. Tool\99. Sequencer</Filter>
    </ClCompile>
    <ClCompile Include="..\Private\Tool_Debugger.cpp">
      <Filter>97. Tool\01. Debugger</Filter>
    </ClCompile>
    <ClCompile Include="..\Private\Player.cpp">
      <Filter>02. GameObject\Player</Filter>
    </ClCompile>
    <ClCompile Include="..\Private\Tool_Settings.cpp">
      <Filter>97. Tool\00. ImGui_Settings</Filter>
    </ClCompile>
    <ClCompile Include="..\Private\Tool_LevelViewer.cpp">
      <Filter>97. Tool\02. Level Viewer</Filter>
    </ClCompile>
    <ClCompile Include="..\Private\Tool_MapEditor.cpp">
      <Filter>97. Tool\04. Map Editor</Filter>
    </ClCompile>
    <ClCompile Include="..\Private\Tool_Model.cpp">
      <Filter>97. Tool\05. Model Editor</Filter>
    </ClCompile>
    <ClCompile Include="..\Private\Tool_PrototypeMgr.cpp">
      <Filter>97. Tool\03. Prototype Manager</Filter>
    </ClCompile>
    <ClCompile Include="..\Private\Dynamic_Camera.cpp">
      <Filter>02. GameObject\00. For_Public\Camera\Dynamic</Filter>
    </ClCompile>
    <ClCompile Include="..\Private\Static_Camera.cpp">
      <Filter>02. GameObject\00. For_Public\Camera\Static</Filter>
    </ClCompile>
    <ClCompile Include="..\Private\Sword_Handle.cpp">
      <Filter>02. GameObject\99. Parent\Weapon\Sword\Handle</Filter>
    </ClCompile>
    <ClCompile Include="..\Private\Sword_Blade.cpp">
      <Filter>02. GameObject\99. Parent\Weapon\Sword\Blade</Filter>
    </ClCompile>
    <ClCompile Include="..\Private\Tool_ModelSave.cpp">
      <Filter>97. Tool\98. Model Save</Filter>
    </ClCompile>
    <ClCompile Include="..\Private\Tool_AnimationManager.cpp">
      <Filter>97. Tool\06. Animator Manager</Filter>
    </ClCompile>
    <ClCompile Include="..\Private\Weapon.cpp">
      <Filter>02. GameObject\99. Parent\Weapon</Filter>
    </ClCompile>
    <ClCompile Include="..\Private\UI.cpp">
      <Filter>02. GameObject\99. Parent\UI</Filter>
    </ClCompile>
    <ClCompile Include="..\Private\Logo.cpp">
      <Filter>02. GameObject\01. For_Logo\00. UI\Logo</Filter>
    </ClCompile>
    <ClCompile Include="..\Private\Sigrid.cpp">
      <Filter>02. GameObject\00. For_Public\Player\Sigrid</Filter>
    </ClCompile>
    <ClCompile Include="..\Private\Sigrid_State.cpp">
      <Filter>02. GameObject\00. For_Public\Player\Sigrid_State</Filter>
    </ClCompile>
    <ClCompile Include="..\Private\Ocean.cpp">
      <Filter>02. GameObject\00. For_Public\Ocean</Filter>
    </ClCompile>
    <ClCompile Include="..\Private\SkyBox.cpp">
      <Filter>02. GameObject\00. For_Public\SkyBox</Filter>
    </ClCompile>
    <ClCompile Include="..\Private\Tool_Navigation.cpp">
      <Filter>97. Tool\07. Navigation Editor</Filter>
    </ClCompile>
    <ClCompile Include="..\Private\Critter_Small.cpp">
      <Filter>02. GameObject\02. For_MainStage\Enemy\00. Critter_Small</Filter>
    </ClCompile>
    <ClCompile Include="..\Private\Critter_Small_State.cpp">
      <Filter>02. GameObject\02. For_MainStage\Enemy\00. Critter_Small\Cirtter_Small_State</Filter>
    </ClCompile>
    <ClCompile Include="..\Private\Enemy.cpp">
      <Filter>02. GameObject\99. Parent\Enemy</Filter>
    </ClCompile>
    <ClCompile Include="..\Private\Shinobi.cpp">
      <Filter>02. GameObject\02. For_MainStage\Enemy\01. Shinobi</Filter>
    </ClCompile>
    <ClCompile Include="..\Private\Grapple_Launcher.cpp">
      <Filter>02. GameObject\02. For_MainStage\Objects\00. Grapple Launcher</Filter>
    </ClCompile>
    <ClCompile Include="..\Private\Grapple_Hang.cpp">
      <Filter>02. GameObject\02. For_MainStage\Objects\01. Grapple Hang</Filter>
    </ClCompile>
    <ClCompile Include="..\Private\MainIsland.cpp">
      <Filter>02. GameObject\02. For_MainStage\Islands\Main Island</Filter>
    </ClCompile>
    <ClCompile Include="..\Private\Portal_Island.cpp">
      <Filter>02. GameObject\02. For_MainStage\Islands\Portal Island</Filter>
    </ClCompile>
    <ClCompile Include="..\Private\Hellheim_Island.cpp">
      <Filter>02. GameObject\02. For_MainStage\Islands\Hellheim</Filter>
    </ClCompile>
    <ClCompile Include="..\Private\Fantasy_Island.cpp">
      <Filter>02. GameObject\02. For_MainStage\Islands\Fantasy Island</Filter>
    </ClCompile>
    <ClCompile Include="..\Private\Mystic_Island.cpp">
      <Filter>02. GameObject\02. For_MainStage\Islands\Mystic Island</Filter>
    </ClCompile>
    <ClCompile Include="..\Private\River_Island.cpp">
      <Filter>02. GameObject\02. For_MainStage\Islands\River_Island</Filter>
    </ClCompile>
    <ClCompile Include="..\Private\Stylized_Island.cpp">
      <Filter>02. GameObject\02. For_MainStage\Islands\Stylized Island</Filter>
    </ClCompile>
    <ClCompile Include="..\Private\Shop_Island.cpp">
      <Filter>02. GameObject\02. For_MainStage\Islands\Shop Island</Filter>
    </ClCompile>
    <ClCompile Include="..\Private\Temple_Island.cpp">
      <Filter>02. GameObject\02. For_MainStage\Islands\Temple Island</Filter>
    </ClCompile>
  </ItemGroup>
  <ItemGroup>
    <Image Include="Client.ico">
      <Filter>99. Default</Filter>
    </Image>
    <Image Include="small.ico">
      <Filter>99. Default</Filter>
    </Image>
  </ItemGroup>
  <ItemGroup>
    <ResourceCompile Include="Client.rc">
      <Filter>99. Default</Filter>
    </ResourceCompile>
  </ItemGroup>
  <ItemGroup>
    <FxCompile Include="..\Bin\Shader\Shader_VtxTex.hlsl">
      <Filter>96. Shader</Filter>
    </FxCompile>
    <FxCompile Include="..\Bin\Shader\Shader_VtxNorTex.hlsl">
      <Filter>96. Shader</Filter>
    </FxCompile>
    <FxCompile Include="..\Bin\Shader\Shader_VtxNonAnim.hlsl">
      <Filter>96. Shader</Filter>
    </FxCompile>
    <FxCompile Include="..\Bin\Shader\Shader_VtxAnimModel.hlsl">
      <Filter>96. Shader</Filter>
    </FxCompile>
    <FxCompile Include="..\Bin\Shader\Shader_VtxNorTex_Ocean.hlsl">
      <Filter>96. Shader</Filter>
    </FxCompile>
  </ItemGroup>
</Project>